
Microsoft Visual Studio Solution File, Format Version 11.00
# Visual Studio 2010
Project("{8BC9CEB8-8B4A-11D0-8D11-00A0C91BC942}") = "YDUI", "YDUI.vcxproj", "{C0A0D18C-E753-410D-8FC3-601B18C2A883}"
EndProject
Project("{8BC9CEB8-8B4A-11D0-8D11-00A0C91BC942}") = "YDUnits", "YDUnits.vcxproj", "{2871C9ED-420D-4296-835D-0FAC3579B8F5}"
EndProject
Global
	GlobalSection(SolutionConfigurationPlatforms) = preSolution
		YDTrigger|Win32 = YDTrigger|Win32
		YDWE|Win32 = YDWE|Win32
	EndGlobalSection
	GlobalSection(ProjectConfigurationPlatforms) = postSolution
		{C0A0D18C-E753-410D-8FC3-601B18C2A883}.YDTrigger|Win32.ActiveCfg = YDTrigger|Win32
		{C0A0D18C-E753-410D-8FC3-601B18C2A883}.YDTrigger|Win32.Build.0 = YDTrigger|Win32
		{C0A0D18C-E753-410D-8FC3-601B18C2A883}.YDWE|Win32.ActiveCfg = YDWE|Win32
		{C0A0D18C-E753-410D-8FC3-601B18C2A883}.YDWE|Win32.Build.0 = YDWE|Win32
		{2871C9ED-420D-4296-835D-0FAC3579B8F5}.YDTrigger|Win32.ActiveCfg = YDTrigger|Win32
		{2871C9ED-420D-4296-835D-0FAC3579B8F5}.YDTrigger|Win32.Build.0 = YDTrigger|Win32
		{2871C9ED-420D-4296-835D-0FAC3579B8F5}.YDWE|Win32.ActiveCfg = YDWE|Win32
		{2871C9ED-420D-4296-835D-0FAC3579B8F5}.YDWE|Win32.Build.0 = YDWE|Win32
	EndGlobalSection
	GlobalSection(SolutionProperties) = preSolution
		HideSolutionNode = FALSE
	EndGlobalSection
EndGlobal
