<?xml version="1.0" encoding="utf-8"?>
<Project ToolsVersion="4.0" xmlns="http://schemas.microsoft.com/developer/msbuild/2003">
  <ItemGroup>
    <Filter Include="Source Files">
      <UniqueIdentifier>{8F424620-C549-11E2-8252-BB90C8CB140B}</UniqueIdentifier>
      <Extensions>cpp;c;cc;cxx;def;odl;idl;hpj;bat;asm;asmx</Extensions>
    </Filter>
    <Filter Include="Header Files">
      <UniqueIdentifier>{8F428640-C549-11E2-ABFE-ED42DE2644A3}</UniqueIdentifier>
      <Extensions>h;hpp;hxx;hm;inl;inc;xsd</Extensions>
    </Filter>
    <Filter Include="Resource Files">
      <UniqueIdentifier>{6e64550e-1de8-4c58-97b0-144898ce8817}</UniqueIdentifier>
    </Filter>
  </ItemGroup>
  <ItemGroup>
    <ClCompile Include="UnitState.cpp">
      <Filter>Source Files</Filter>
    </ClCompile>
    <ClCompile Include="EventDamageData.cpp">
      <Filter>Source Files</Filter>
    </ClCompile>
    <ClCompile Include="AbilityState.cpp">
      <Filter>Source Files</Filter>
    </ClCompile>
    <ClCompile Include="DllMain.cpp" />
    <ClCompile Include="DisplayChat.cpp">
      <Filter>Source Files</Filter>
    </ClCompile>
    <ClCompile Include="ItemState.cpp">
      <Filter>Source Files</Filter>
    </ClCompile>
    <ClCompile Include="Initialize.cpp">
      <Filter>Source Files</Filter>
    </ClCompile>
    <ClCompile Include="DisableButtonBlp.cpp">
      <Filter>Source Files</Filter>
    </ClCompile>
  </ItemGroup>
  <ItemGroup>
    <None Include="yd_jass_api.def">
      <Filter>Resource Files</Filter>
    </None>
  </ItemGroup>
  <ItemGroup>
    <ResourceCompile Include="version.rc">
      <Filter>Resource Files</Filter>
    </ResourceCompile>
  </ItemGroup>
  <ItemGroup>
    <ClInclude Include="StringPool.h">
      <Filter>Header Files</Filter>
    </ClInclude>
    <ClInclude Include="PasButton.h">
      <Filter>Source Files</Filter>
    </ClInclude>
  </ItemGroup>
</Project>