<?xml version="1.0" encoding="utf-8"?>
<Project ToolsVersion="4.0" xmlns="http://schemas.microsoft.com/developer/msbuild/2003">
  <ItemGroup>
    <Filter Include="source">
      <UniqueIdentifier>{a863b2c9-f0b9-4629-a09b-16910e89d0f7}</UniqueIdentifier>
    </Filter>
    <Filter Include="include">
      <UniqueIdentifier>{2daad005-c4c8-42e6-b277-04e42095acca}</UniqueIdentifier>
    </Filter>
  </ItemGroup>
  <ItemGroup>
    <ClCompile Include="..\..\..\lpeg\lpvm.c">
      <Filter>source</Filter>
    </ClCompile>
    <ClCompile Include="..\..\..\lpeg\lptree.c">
      <Filter>source</Filter>
    </ClCompile>
    <ClCompile Include="..\..\..\lpeg\lpprint.c">
      <Filter>source</Filter>
    </ClCompile>
    <ClCompile Include="..\..\..\lpeg\lpcode.c">
      <Filter>source</Filter>
    </ClCompile>
    <ClCompile Include="..\..\..\lpeg\lpcap.c">
      <Filter>source</Filter>
    </ClCompile>
  </ItemGroup>
  <ItemGroup>
    <ClInclude Include="..\..\..\lpeg\lpcap.h">
      <Filter>include</Filter>
    </ClInclude>
    <ClInclude Include="..\..\..\lpeg\lpcode.h">
      <Filter>include</Filter>
    </ClInclude>
    <ClInclude Include="..\..\..\lpeg\lpprint.h">
      <Filter>include</Filter>
    </ClInclude>
    <ClInclude Include="..\..\..\lpeg\lptree.h">
      <Filter>include</Filter>
    </ClInclude>
    <ClInclude Include="..\..\..\lpeg\lpvm.h">
      <Filter>include</Filter>
    </ClInclude>
    <ClInclude Include="..\..\..\lpeg\lptypes.h">
      <Filter>include</Filter>
    </ClInclude>
  </ItemGroup>
  <ItemGroup>
    <None Include="..\..\..\lpeg\lpeg.def" />
  </ItemGroup>
</Project>