<?xml version="1.0" encoding="utf-8"?>
<Project ToolsVersion="4.0" xmlns="http://schemas.microsoft.com/developer/msbuild/2003">
  <ItemGroup>
    <Filter Include="source">
      <UniqueIdentifier>{a863b2c9-f0b9-4629-a09b-16910e89d0f7}</UniqueIdentifier>
    </Filter>
    <Filter Include="include">
      <UniqueIdentifier>{2daad005-c4c8-42e6-b277-04e42095acca}</UniqueIdentifier>
    </Filter>
    <Filter Include="include\detail">
      <UniqueIdentifier>{4b51de7e-ef28-46af-ac9e-f324bfb1dc88}</UniqueIdentifier>
    </Filter>
  </ItemGroup>
  <ItemGroup>
    <ClCompile Include="..\..\..\luabind\current\src\class.cpp">
      <Filter>source</Filter>
    </ClCompile>
    <ClCompile Include="..\..\..\luabind\current\src\class_info.cpp">
      <Filter>source</Filter>
    </ClCompile>
    <ClCompile Include="..\..\..\luabind\current\src\class_registry.cpp">
      <Filter>source</Filter>
    </ClCompile>
    <ClCompile Include="..\..\..\luabind\current\src\class_rep.cpp">
      <Filter>source</Filter>
    </ClCompile>
    <ClCompile Include="..\..\..\luabind\current\src\create_class.cpp">
      <Filter>source</Filter>
    </ClCompile>
    <ClCompile Include="..\..\..\luabind\current\src\error.cpp">
      <Filter>source</Filter>
    </ClCompile>
    <ClCompile Include="..\..\..\luabind\current\src\exception_handler.cpp">
      <Filter>source</Filter>
    </ClCompile>
    <ClCompile Include="..\..\..\luabind\current\src\function.cpp">
      <Filter>source</Filter>
    </ClCompile>
    <ClCompile Include="..\..\..\luabind\current\src\inheritance.cpp">
      <Filter>source</Filter>
    </ClCompile>
    <ClCompile Include="..\..\..\luabind\current\src\link_compatibility.cpp">
      <Filter>source</Filter>
    </ClCompile>
    <ClCompile Include="..\..\..\luabind\current\src\object_rep.cpp">
      <Filter>source</Filter>
    </ClCompile>
    <ClCompile Include="..\..\..\luabind\current\src\open.cpp">
      <Filter>source</Filter>
    </ClCompile>
    <ClCompile Include="..\..\..\luabind\current\src\pcall.cpp">
      <Filter>source</Filter>
    </ClCompile>
    <ClCompile Include="..\..\..\luabind\current\src\scope.cpp">
      <Filter>source</Filter>
    </ClCompile>
    <ClCompile Include="..\..\..\luabind\current\src\stack_content_by_name.cpp">
      <Filter>source</Filter>
    </ClCompile>
    <ClCompile Include="..\..\..\luabind\current\src\weak_ref.cpp">
      <Filter>source</Filter>
    </ClCompile>
    <ClCompile Include="..\..\..\luabind\current\src\wrapper_base.cpp">
      <Filter>source</Filter>
    </ClCompile>
    <ClCompile Include="..\..\..\luabind\current\src\function_introspection.cpp">
      <Filter>source</Filter>
    </ClCompile>
    <ClCompile Include="..\..\..\luabind\current\src\operator.cpp">
      <Filter>source</Filter>
    </ClCompile>
    <ClCompile Include="..\..\..\luabind\current\src\set_package_preload.cpp">
      <Filter>source</Filter>
    </ClCompile>
  </ItemGroup>
  <ItemGroup>
    <ClInclude Include="..\..\..\luabind\current\include\luabind\adopt_policy.hpp">
      <Filter>include</Filter>
    </ClInclude>
    <ClInclude Include="..\..\..\luabind\current\include\luabind\back_reference.hpp">
      <Filter>include</Filter>
    </ClInclude>
    <ClInclude Include="..\..\..\luabind\current\include\luabind\back_reference_fwd.hpp">
      <Filter>include</Filter>
    </ClInclude>
    <ClInclude Include="..\..\..\luabind\current\include\luabind\class.hpp">
      <Filter>include</Filter>
    </ClInclude>
    <ClInclude Include="..\..\..\luabind\current\include\luabind\class_info.hpp">
      <Filter>include</Filter>
    </ClInclude>
    <ClInclude Include="..\..\..\luabind\current\include\luabind\config.hpp">
      <Filter>include</Filter>
    </ClInclude>
    <ClInclude Include="..\..\..\luabind\current\include\luabind\container_policy.hpp">
      <Filter>include</Filter>
    </ClInclude>
    <ClInclude Include="..\..\..\luabind\current\include\luabind\copy_policy.hpp">
      <Filter>include</Filter>
    </ClInclude>
    <ClInclude Include="..\..\..\luabind\current\include\luabind\dependency_policy.hpp">
      <Filter>include</Filter>
    </ClInclude>
    <ClInclude Include="..\..\..\luabind\current\include\luabind\discard_result_policy.hpp">
      <Filter>include</Filter>
    </ClInclude>
    <ClInclude Include="..\..\..\luabind\current\include\luabind\error.hpp">
      <Filter>include</Filter>
    </ClInclude>
    <ClInclude Include="..\..\..\luabind\current\include\luabind\exception_handler.hpp">
      <Filter>include</Filter>
    </ClInclude>
    <ClInclude Include="..\..\..\luabind\current\include\luabind\from_stack.hpp">
      <Filter>include</Filter>
    </ClInclude>
    <ClInclude Include="..\..\..\luabind\current\include\luabind\function.hpp">
      <Filter>include</Filter>
    </ClInclude>
    <ClInclude Include="..\..\..\luabind\current\include\luabind\get_main_thread.hpp">
      <Filter>include</Filter>
    </ClInclude>
    <ClInclude Include="..\..\..\luabind\current\include\luabind\get_pointer.hpp">
      <Filter>include</Filter>
    </ClInclude>
    <ClInclude Include="..\..\..\luabind\current\include\luabind\handle.hpp">
      <Filter>include</Filter>
    </ClInclude>
    <ClInclude Include="..\..\..\luabind\current\include\luabind\iterator_policy.hpp">
      <Filter>include</Filter>
    </ClInclude>
    <ClInclude Include="..\..\..\luabind\current\include\luabind\lua_include.hpp">
      <Filter>include</Filter>
    </ClInclude>
    <ClInclude Include="..\..\..\luabind\current\include\luabind\luabind.hpp">
      <Filter>include</Filter>
    </ClInclude>
    <ClInclude Include="..\..\..\luabind\current\include\luabind\make_function.hpp">
      <Filter>include</Filter>
    </ClInclude>
    <ClInclude Include="..\..\..\luabind\current\include\luabind\nil.hpp">
      <Filter>include</Filter>
    </ClInclude>
    <ClInclude Include="..\..\..\luabind\current\include\luabind\no_dependency.hpp">
      <Filter>include</Filter>
    </ClInclude>
    <ClInclude Include="..\..\..\luabind\current\include\luabind\object.hpp">
      <Filter>include</Filter>
    </ClInclude>
    <ClInclude Include="..\..\..\luabind\current\include\luabind\open.hpp">
      <Filter>include</Filter>
    </ClInclude>
    <ClInclude Include="..\..\..\luabind\current\include\luabind\operator.hpp">
      <Filter>include</Filter>
    </ClInclude>
    <ClInclude Include="..\..\..\luabind\current\include\luabind\out_value_policy.hpp">
      <Filter>include</Filter>
    </ClInclude>
    <ClInclude Include="..\..\..\luabind\current\include\luabind\prefix.hpp">
      <Filter>include</Filter>
    </ClInclude>
    <ClInclude Include="..\..\..\luabind\current\include\luabind\raw_policy.hpp">
      <Filter>include</Filter>
    </ClInclude>
    <ClInclude Include="..\..\..\luabind\current\include\luabind\return_reference_to_policy.hpp">
      <Filter>include</Filter>
    </ClInclude>
    <ClInclude Include="..\..\..\luabind\current\include\luabind\scope.hpp">
      <Filter>include</Filter>
    </ClInclude>
    <ClInclude Include="..\..\..\luabind\current\include\luabind\shared_ptr_converter.hpp">
      <Filter>include</Filter>
    </ClInclude>
    <ClInclude Include="..\..\..\luabind\current\include\luabind\table_policy.hpp">
      <Filter>include</Filter>
    </ClInclude>
    <ClInclude Include="..\..\..\luabind\current\include\luabind\tag_function.hpp">
      <Filter>include</Filter>
    </ClInclude>
    <ClInclude Include="..\..\..\luabind\current\include\luabind\typeid.hpp">
      <Filter>include</Filter>
    </ClInclude>
    <ClInclude Include="..\..\..\luabind\current\include\luabind\value_wrapper.hpp">
      <Filter>include</Filter>
    </ClInclude>
    <ClInclude Include="..\..\..\luabind\current\include\luabind\vector.hpp">
      <Filter>include</Filter>
    </ClInclude>
    <ClInclude Include="..\..\..\luabind\current\include\luabind\version.hpp">
      <Filter>include</Filter>
    </ClInclude>
    <ClInclude Include="..\..\..\luabind\current\include\luabind\weak_ref.hpp">
      <Filter>include</Filter>
    </ClInclude>
    <ClInclude Include="..\..\..\luabind\current\include\luabind\wrapper_base.hpp">
      <Filter>include</Filter>
    </ClInclude>
    <ClInclude Include="..\..\..\luabind\current\include\luabind\yield_policy.hpp">
      <Filter>include</Filter>
    </ClInclude>
    <ClInclude Include="..\..\..\luabind\current\include\luabind\detail\call.hpp">
      <Filter>include\detail</Filter>
    </ClInclude>
    <ClInclude Include="..\..\..\luabind\current\include\luabind\detail\call_0x.hpp">
      <Filter>include\detail</Filter>
    </ClInclude>
    <ClInclude Include="..\..\..\luabind\current\include\luabind\detail\call_function.hpp">
      <Filter>include\detail</Filter>
    </ClInclude>
    <ClInclude Include="..\..\..\luabind\current\include\luabind\detail\call_member.hpp">
      <Filter>include\detail</Filter>
    </ClInclude>
    <ClInclude Include="..\..\..\luabind\current\include\luabind\detail\call_operator_iterate.hpp">
      <Filter>include\detail</Filter>
    </ClInclude>
    <ClInclude Include="..\..\..\luabind\current\include\luabind\detail\class_registry.hpp">
      <Filter>include\detail</Filter>
    </ClInclude>
    <ClInclude Include="..\..\..\luabind\current\include\luabind\detail\class_rep.hpp">
      <Filter>include\detail</Filter>
    </ClInclude>
    <ClInclude Include="..\..\..\luabind\current\include\luabind\detail\constructor.hpp">
      <Filter>include\detail</Filter>
    </ClInclude>
    <ClInclude Include="..\..\..\luabind\current\include\luabind\detail\conversion_storage.hpp">
      <Filter>include\detail</Filter>
    </ClInclude>
    <ClInclude Include="..\..\..\luabind\current\include\luabind\detail\convert_to_lua.hpp">
      <Filter>include\detail</Filter>
    </ClInclude>
    <ClInclude Include="..\..\..\luabind\current\include\luabind\detail\debug.hpp">
      <Filter>include\detail</Filter>
    </ClInclude>
    <ClInclude Include="..\..\..\luabind\current\include\luabind\detail\decorate_type.hpp">
      <Filter>include\detail</Filter>
    </ClInclude>
    <ClInclude Include="..\..\..\luabind\current\include\luabind\detail\deduce_signature.hpp">
      <Filter>include\detail</Filter>
    </ClInclude>
    <ClInclude Include="..\..\..\luabind\current\include\luabind\detail\enum_maker.hpp">
      <Filter>include\detail</Filter>
    </ClInclude>
    <ClInclude Include="..\..\..\luabind\current\include\luabind\detail\format_signature.hpp">
      <Filter>include\detail</Filter>
    </ClInclude>
    <ClInclude Include="..\..\..\luabind\current\include\luabind\detail\garbage_collector.hpp">
      <Filter>include\detail</Filter>
    </ClInclude>
    <ClInclude Include="..\..\..\luabind\current\include\luabind\detail\has_get_pointer.hpp">
      <Filter>include\detail</Filter>
    </ClInclude>
    <ClInclude Include="..\..\..\luabind\current\include\luabind\detail\inheritance.hpp">
      <Filter>include\detail</Filter>
    </ClInclude>
    <ClInclude Include="..\..\..\luabind\current\include\luabind\detail\instance_holder.hpp">
      <Filter>include\detail</Filter>
    </ClInclude>
    <ClInclude Include="..\..\..\luabind\current\include\luabind\detail\link_compatibility.hpp">
      <Filter>include\detail</Filter>
    </ClInclude>
    <ClInclude Include="..\..\..\luabind\current\include\luabind\detail\make_instance.hpp">
      <Filter>include\detail</Filter>
    </ClInclude>
    <ClInclude Include="..\..\..\luabind\current\include\luabind\detail\most_derived.hpp">
      <Filter>include\detail</Filter>
    </ClInclude>
    <ClInclude Include="..\..\..\luabind\current\include\luabind\detail\object_call.hpp">
      <Filter>include\detail</Filter>
    </ClInclude>
    <ClInclude Include="..\..\..\luabind\current\include\luabind\detail\object_rep.hpp">
      <Filter>include\detail</Filter>
    </ClInclude>
    <ClInclude Include="..\..\..\luabind\current\include\luabind\detail\open.hpp">
      <Filter>include\detail</Filter>
    </ClInclude>
    <ClInclude Include="..\..\..\luabind\current\include\luabind\detail\operator_id.hpp">
      <Filter>include\detail</Filter>
    </ClInclude>
    <ClInclude Include="..\..\..\luabind\current\include\luabind\detail\other.hpp">
      <Filter>include\detail</Filter>
    </ClInclude>
    <ClInclude Include="..\..\..\luabind\current\include\luabind\detail\pcall.hpp">
      <Filter>include\detail</Filter>
    </ClInclude>
    <ClInclude Include="..\..\..\luabind\current\include\luabind\detail\pointee_sizeof.hpp">
      <Filter>include\detail</Filter>
    </ClInclude>
    <ClInclude Include="..\..\..\luabind\current\include\luabind\detail\pointee_typeid.hpp">
      <Filter>include\detail</Filter>
    </ClInclude>
    <ClInclude Include="..\..\..\luabind\current\include\luabind\detail\policy.hpp">
      <Filter>include\detail</Filter>
    </ClInclude>
    <ClInclude Include="..\..\..\luabind\current\include\luabind\detail\primitives.hpp">
      <Filter>include\detail</Filter>
    </ClInclude>
    <ClInclude Include="..\..\..\luabind\current\include\luabind\detail\property.hpp">
      <Filter>include\detail</Filter>
    </ClInclude>
    <ClInclude Include="..\..\..\luabind\current\include\luabind\detail\ref.hpp">
      <Filter>include\detail</Filter>
    </ClInclude>
    <ClInclude Include="..\..\..\luabind\current\include\luabind\detail\signature_match.hpp">
      <Filter>include\detail</Filter>
    </ClInclude>
    <ClInclude Include="..\..\..\luabind\current\include\luabind\detail\stack_utils.hpp">
      <Filter>include\detail</Filter>
    </ClInclude>
    <ClInclude Include="..\..\..\luabind\current\include\luabind\detail\typetraits.hpp">
      <Filter>include\detail</Filter>
    </ClInclude>
    <ClInclude Include="..\..\..\luabind\current\include\luabind\detail\yes_no.hpp">
      <Filter>include\detail</Filter>
    </ClInclude>
    <ClInclude Include="..\..\..\luabind\current\include\luabind\detail\object.hpp">
      <Filter>include\detail</Filter>
    </ClInclude>
    <ClInclude Include="..\..\..\luabind\current\include\luabind\error_callback_fun.hpp">
      <Filter>include</Filter>
    </ClInclude>
    <ClInclude Include="..\..\..\luabind\current\include\luabind\function_introspection.hpp">
      <Filter>include</Filter>
    </ClInclude>
    <ClInclude Include="..\..\..\luabind\current\include\luabind\lua_state_fwd.hpp">
      <Filter>include</Filter>
    </ClInclude>
    <ClInclude Include="..\..\..\luabind\current\include\luabind\set_package_preload.hpp">
      <Filter>include</Filter>
    </ClInclude>
    <ClInclude Include="..\..\..\luabind\current\include\luabind\std_shared_ptr_converter.hpp">
      <Filter>include</Filter>
    </ClInclude>
  </ItemGroup>
</Project>