Microsoft Visual Studio Solution File, Format Version 12.00
# Visual Studio 15
VisualStudioVersion = 15.0.27130.2020
MinimumVisualStudioVersion = 10.0.40219.1
Project("{8BC9CEB8-8B4A-11D0-8D11-00A0C91BC942}") = "ffi", "ffi.vcxproj", "{076A366B-6B75-4D35-A6A9-CA680F0771E3}"
EndProject
Project("{8BC9CEB8-8B4A-11D0-8D11-00A0C91BC942}") = "libtest", "libtest.vcxproj", "{B74E8082-49A4-493F-8955-DE4DB1B1E592}"
EndProject
Project("{8BC9CEB8-8B4A-11D0-8D11-00A0C91BC942}") = "lua53", "..\..\Lua\build\lua53.vcxproj", "{B84F7231-16CE-41D8-8C08-7B523FF4225B}"
EndProject
Project("{8BC9CEB8-8B4A-11D0-8D11-00A0C91BC942}") = "lua", "..\..\Lua\build\lua.vcxproj", "{76338556-5419-494A-A4C6-D79090629054}"
EndProject
Global
	GlobalSection(SolutionConfigurationPlatforms) = preSolution
		Debug|Win32 = Debug|Win32
		Debug|x64 = Debug|x64
		Release|Win32 = Release|Win32
		Release|x64 = Release|x64
	EndGlobalSection
	GlobalSection(ProjectConfigurationPlatforms) = postSolution
		{076A366B-6B75-4D35-A6A9-CA680F0771E3}.Debug|Win32.ActiveCfg = Debug|Win32
		{076A366B-6B75-4D35-A6A9-CA680F0771E3}.Debug|Win32.Build.0 = Debug|Win32
		{076A366B-6B75-4D35-A6A9-CA680F0771E3}.Debug|x64.ActiveCfg = Debug|x64
		{076A366B-6B75-4D35-A6A9-CA680F0771E3}.Debug|x64.Build.0 = Debug|x64
		{076A366B-6B75-4D35-A6A9-CA680F0771E3}.Release|Win32.ActiveCfg = Release|Win32
		{076A366B-6B75-4D35-A6A9-CA680F0771E3}.Release|Win32.Build.0 = Release|Win32
		{076A366B-6B75-4D35-A6A9-CA680F0771E3}.Release|x64.ActiveCfg = Release|x64
		{076A366B-6B75-4D35-A6A9-CA680F0771E3}.Release|x64.Build.0 = Release|x64
		{B74E8082-49A4-493F-8955-DE4DB1B1E592}.Debug|Win32.ActiveCfg = Debug|Win32
		{B74E8082-49A4-493F-8955-DE4DB1B1E592}.Debug|Win32.Build.0 = Debug|Win32
		{B74E8082-49A4-493F-8955-DE4DB1B1E592}.Debug|x64.ActiveCfg = Debug|x64
		{B74E8082-49A4-493F-8955-DE4DB1B1E592}.Debug|x64.Build.0 = Debug|x64
		{B74E8082-49A4-493F-8955-DE4DB1B1E592}.Release|Win32.ActiveCfg = Release|Win32
		{B74E8082-49A4-493F-8955-DE4DB1B1E592}.Release|Win32.Build.0 = Release|Win32
		{B74E8082-49A4-493F-8955-DE4DB1B1E592}.Release|x64.ActiveCfg = Release|x64
		{B74E8082-49A4-493F-8955-DE4DB1B1E592}.Release|x64.Build.0 = Release|x64
		{B84F7231-16CE-41D8-8C08-7B523FF4225B}.Debug|Win32.ActiveCfg = Debug|Win32
		{B84F7231-16CE-41D8-8C08-7B523FF4225B}.Debug|Win32.Build.0 = Debug|Win32
		{B84F7231-16CE-41D8-8C08-7B523FF4225B}.Debug|x64.ActiveCfg = Debug|x64
		{B84F7231-16CE-41D8-8C08-7B523FF4225B}.Debug|x64.Build.0 = Debug|x64
		{B84F7231-16CE-41D8-8C08-7B523FF4225B}.Release|Win32.ActiveCfg = Release|Win32
		{B84F7231-16CE-41D8-8C08-7B523FF4225B}.Release|Win32.Build.0 = Release|Win32
		{B84F7231-16CE-41D8-8C08-7B523FF4225B}.Release|x64.ActiveCfg = Release|x64
		{B84F7231-16CE-41D8-8C08-7B523FF4225B}.Release|x64.Build.0 = Release|x64
		{76338556-5419-494A-A4C6-D79090629054}.Debug|Win32.ActiveCfg = Debug|Win32
		{76338556-5419-494A-A4C6-D79090629054}.Debug|Win32.Build.0 = Debug|Win32
		{76338556-5419-494A-A4C6-D79090629054}.Debug|x64.ActiveCfg = Debug|x64
		{76338556-5419-494A-A4C6-D79090629054}.Debug|x64.Build.0 = Debug|x64
		{76338556-5419-494A-A4C6-D79090629054}.Release|Win32.ActiveCfg = Release|Win32
		{76338556-5419-494A-A4C6-D79090629054}.Release|Win32.Build.0 = Release|Win32
		{76338556-5419-494A-A4C6-D79090629054}.Release|x64.ActiveCfg = Release|x64
		{76338556-5419-494A-A4C6-D79090629054}.Release|x64.Build.0 = Release|x64
	EndGlobalSection
	GlobalSection(SolutionProperties) = preSolution
		HideSolutionNode = FALSE
	EndGlobalSection
	GlobalSection(ExtensibilityGlobals) = postSolution
		SolutionGuid = {4545BBD8-F8B5-44EC-A8B7-C497F8849F5D}
	EndGlobalSection
EndGlobal
