<?xml version="1.0" encoding="utf-8"?>
<Project ToolsVersion="4.0" xmlns="http://schemas.microsoft.com/developer/msbuild/2003">
  <ItemGroup>
    <Filter Include="Source Files">
      <UniqueIdentifier>{4AF2ECA0-639D-11E2-8565-2B8F72F28552}</UniqueIdentifier>
      <Extensions>cpp;c;cc;cxx;def;odl;idl;hpj;bat;asm;asmx</Extensions>
    </Filter>
    <Filter Include="Header Files">
      <UniqueIdentifier>{4AF4BFC0-639D-11E2-ADAD-CB1CF2DDEA68}</UniqueIdentifier>
      <Extensions>h;hpp;hxx;hm;inl;inc;xsd</Extensions>
    </Filter>
    <Filter Include="Port">
      <UniqueIdentifier>{f55be4dc-9827-44aa-a70c-e0faf26a36dc}</UniqueIdentifier>
    </Filter>
  </ItemGroup>
  <ItemGroup>
    <ClCompile Include="Attribute.cpp">
      <Filter>Source Files</Filter>
    </ClCompile>
    <ClCompile Include="BaseAbilityList.cpp">
      <Filter>Source Files</Filter>
    </ClCompile>
    <ClCompile Include="ConvertTable.cpp">
      <Filter>Source Files</Filter>
    </ClCompile>
    <ClCompile Include="IniReader.cpp">
      <Filter>Source Files</Filter>
    </ClCompile>
    <ClCompile Include="MetaTable.cpp">
      <Filter>Source Files</Filter>
    </ClCompile>
    <ClCompile Include="ObjectManager.cpp">
      <Filter>Source Files</Filter>
    </ClCompile>
    <ClCompile Include="ObjReader.cpp">
      <Filter>Source Files</Filter>
    </ClCompile>
    <ClCompile Include="SlkReader.cpp">
      <Filter>Source Files</Filter>
    </ClCompile>
    <ClCompile Include="TxtReader.cpp">
      <Filter>Source Files</Filter>
    </ClCompile>
    <ClCompile Include="VariableData.cpp">
      <Filter>Source Files</Filter>
    </ClCompile>
    <ClCompile Include="WesReader.cpp">
      <Filter>Source Files</Filter>
    </ClCompile>
    <ClCompile Include="WtsReader.cpp">
      <Filter>Source Files</Filter>
    </ClCompile>
    <ClCompile Include="DllMain.cpp" />
    <ClCompile Include="MetaReader.cpp">
      <Filter>Source Files</Filter>
    </ClCompile>
    <ClCompile Include="Sequence.cpp">
      <Filter>Source Files</Filter>
    </ClCompile>
  </ItemGroup>
  <ItemGroup>
    <ClInclude Include="port\config.h">
      <Filter>Port</Filter>
    </ClInclude>
    <ClInclude Include="port\port_gcc.h">
      <Filter>Port</Filter>
    </ClInclude>
    <ClInclude Include="port\port_msvc.h">
      <Filter>Port</Filter>
    </ClInclude>
    <ClInclude Include="Attribute.hpp">
      <Filter>Header Files</Filter>
    </ClInclude>
    <ClInclude Include="BaseTable.hpp">
      <Filter>Header Files</Filter>
    </ClInclude>
    <ClInclude Include="Buffer.hpp">
      <Filter>Header Files</Filter>
    </ClInclude>
    <ClInclude Include="Converter.hpp">
      <Filter>Header Files</Filter>
    </ClInclude>
    <ClInclude Include="ConvertTable.hpp">
      <Filter>Header Files</Filter>
    </ClInclude>
    <ClInclude Include="IniBaseReader.hpp">
      <Filter>Header Files</Filter>
    </ClInclude>
    <ClInclude Include="IniReader.hpp">
      <Filter>Header Files</Filter>
    </ClInclude>
    <ClInclude Include="IniTable.hpp">
      <Filter>Header Files</Filter>
    </ClInclude>
    <ClInclude Include="IniWriter.hpp">
      <Filter>Header Files</Filter>
    </ClInclude>
    <ClInclude Include="MetaReader.hpp">
      <Filter>Header Files</Filter>
    </ClInclude>
    <ClInclude Include="MetaTable.hpp">
      <Filter>Header Files</Filter>
    </ClInclude>
    <ClInclude Include="ObjectId.hpp">
      <Filter>Header Files</Filter>
    </ClInclude>
    <ClInclude Include="ObjectManager.hpp">
      <Filter>Header Files</Filter>
    </ClInclude>
    <ClInclude Include="ObjReader.hpp">
      <Filter>Header Files</Filter>
    </ClInclude>
    <ClInclude Include="ObjTable.hpp">
      <Filter>Header Files</Filter>
    </ClInclude>
    <ClInclude Include="ObjWriter.hpp">
      <Filter>Header Files</Filter>
    </ClInclude>
    <ClInclude Include="Sequence.hpp">
      <Filter>Header Files</Filter>
    </ClInclude>
    <ClInclude Include="SlkReader.hpp">
      <Filter>Header Files</Filter>
    </ClInclude>
    <ClInclude Include="SlkTable.hpp">
      <Filter>Header Files</Filter>
    </ClInclude>
    <ClInclude Include="SlkWriter.hpp">
      <Filter>Header Files</Filter>
    </ClInclude>
    <ClInclude Include="TextReader.hpp">
      <Filter>Header Files</Filter>
    </ClInclude>
    <ClInclude Include="TxtReader.hpp">
      <Filter>Header Files</Filter>
    </ClInclude>
    <ClInclude Include="Util.hpp">
      <Filter>Header Files</Filter>
    </ClInclude>
    <ClInclude Include="VariableData.hpp">
      <Filter>Header Files</Filter>
    </ClInclude>
    <ClInclude Include="WesReader.hpp">
      <Filter>Header Files</Filter>
    </ClInclude>
    <ClInclude Include="WesTable.hpp">
      <Filter>Header Files</Filter>
    </ClInclude>
    <ClInclude Include="WtsReader.hpp">
      <Filter>Header Files</Filter>
    </ClInclude>
    <ClInclude Include="WtsTable.hpp">
      <Filter>Header Files</Filter>
    </ClInclude>
    <ClInclude Include="InterfaceStorm.hpp">
      <Filter>Header Files</Filter>
    </ClInclude>
    <ClInclude Include="TxtWriter.hpp">
      <Filter>Header Files</Filter>
    </ClInclude>
  </ItemGroup>
</Project>