<?xml version="1.0" encoding="utf-8"?>
<Project ToolsVersion="4.0" xmlns="http://schemas.microsoft.com/developer/msbuild/2003">
  <ItemGroup>
    <Filter Include="Source Files">
      <UniqueIdentifier>{9B166760-F190-11E2-B1EE-1F852B608861}</UniqueIdentifier>
      <Extensions>cpp;c;cc;cxx;def;odl;idl;hpj;bat;asm;asmx</Extensions>
    </Filter>
    <Filter Include="Header Files">
      <UniqueIdentifier>{9B16E1A0-F190-11E2-9639-EDF9C67034D6}</UniqueIdentifier>
      <Extensions>h;hpp;hxx;hm;inl;inc;xsd</Extensions>
    </Filter>
    <Filter Include="Resource Files">
      <UniqueIdentifier>{9B16EDD0-F190-11E2-A499-A955B6388762}</UniqueIdentifier>
      <Extensions>rc;ico;cur;bmp;dlg;rc2;rct;bin;rgs;gif;jpg;jpeg;jpe;resx;tiff;tif;png;wav;mfcribbon-ms</Extensions>
    </Filter>
    <Filter Include="sdk">
      <UniqueIdentifier>{c0d038a3-c58a-46ea-8bea-34c3eda828b9}</UniqueIdentifier>
    </Filter>
  </ItemGroup>
  <ItemGroup>
    <ClCompile Include="DllMain.cpp">
      <Filter>Source Files</Filter>
    </ClCompile>
    <ClCompile Include="luaopen_clr.cpp">
      <Filter>Source Files</Filter>
    </ClCompile>
    <ClCompile Include="clr_interop.cpp">
      <Filter>Source Files</Filter>
    </ClCompile>
  </ItemGroup>
  <ItemGroup>
    <None Include="clr.def">
      <Filter>Resource Files</Filter>
    </None>
  </ItemGroup>
  <ItemGroup>
    <ClInclude Include="sdk\atlcomcli.h">
      <Filter>sdk</Filter>
    </ClInclude>
    <ClInclude Include="sdk\gchost.h">
      <Filter>sdk</Filter>
    </ClInclude>
    <ClInclude Include="sdk\ivalidator.h">
      <Filter>sdk</Filter>
    </ClInclude>
    <ClInclude Include="sdk\ivehandler.h">
      <Filter>sdk</Filter>
    </ClInclude>
    <ClInclude Include="sdk\metahost.h">
      <Filter>sdk</Filter>
    </ClInclude>
    <ClInclude Include="sdk\mscoree.h">
      <Filter>sdk</Filter>
    </ClInclude>
    <ClInclude Include="clr_interop.h">
      <Filter>Header Files</Filter>
    </ClInclude>
  </ItemGroup>
</Project>