
Microsoft Visual Studio Solution File, Format Version 12.00
# Visual Studio 2013
VisualStudioVersion = 12.0.30110.0
MinimumVisualStudioVersion = 10.0.40219.1
Project("{8BC9CEB8-8B4A-11D0-8D11-00A0C91BC942}") = "benchmark_slklib", "benchmark_slklib.vcxproj", "{C371743B-AD12-4A31-82DF-5A058083773F}"
	ProjectSection(ProjectDependencies) = postProject
		{4AFFE3A0-639D-11E2-A80E-AB2BAF291A2F} = {4AFFE3A0-639D-11E2-A80E-AB2BAF291A2F}
	EndProjectSection
EndProject
Project("{8BC9CEB8-8B4A-11D0-8D11-00A0C91BC942}") = "SlkLib", "..\..\Core\SlkLib\SlkLib.vcxproj", "{4AFFE3A0-639D-11E2-A80E-AB2BAF291A2F}"
EndProject
Project("{2150E333-8FDC-42A3-9474-1A3956D46DE8}") = "lib", "lib", "{54354818-AA65-49AF-B1EE-657D97FCD838}"
EndProject
Project("{8BC9CEB8-8B4A-11D0-8D11-00A0C91BC942}") = "ydbase", "..\..\Core\ydbase\ydbase.vcxproj", "{75B04C07-94D9-41E7-BBFD-E67F79BFF41A}"
EndProject
Global
	GlobalSection(SolutionConfigurationPlatforms) = preSolution
		Debug|Win32 = Debug|Win32
		Release|Win32 = Release|Win32
	EndGlobalSection
	GlobalSection(ProjectConfigurationPlatforms) = postSolution
		{C371743B-AD12-4A31-82DF-5A058083773F}.Debug|Win32.ActiveCfg = Debug|Win32
		{C371743B-AD12-4A31-82DF-5A058083773F}.Debug|Win32.Build.0 = Debug|Win32
		{C371743B-AD12-4A31-82DF-5A058083773F}.Release|Win32.ActiveCfg = Release|Win32
		{C371743B-AD12-4A31-82DF-5A058083773F}.Release|Win32.Build.0 = Release|Win32
		{4AFFE3A0-639D-11E2-A80E-AB2BAF291A2F}.Debug|Win32.ActiveCfg = Debug|Win32
		{4AFFE3A0-639D-11E2-A80E-AB2BAF291A2F}.Debug|Win32.Build.0 = Debug|Win32
		{4AFFE3A0-639D-11E2-A80E-AB2BAF291A2F}.Release|Win32.ActiveCfg = Release|Win32
		{4AFFE3A0-639D-11E2-A80E-AB2BAF291A2F}.Release|Win32.Build.0 = Release|Win32
		{75B04C07-94D9-41E7-BBFD-E67F79BFF41A}.Debug|Win32.ActiveCfg = Debug|Win32
		{75B04C07-94D9-41E7-BBFD-E67F79BFF41A}.Debug|Win32.Build.0 = Debug|Win32
		{75B04C07-94D9-41E7-BBFD-E67F79BFF41A}.Release|Win32.ActiveCfg = Release|Win32
		{75B04C07-94D9-41E7-BBFD-E67F79BFF41A}.Release|Win32.Build.0 = Release|Win32
	EndGlobalSection
	GlobalSection(SolutionProperties) = preSolution
		HideSolutionNode = FALSE
	EndGlobalSection
	GlobalSection(NestedProjects) = preSolution
		{4AFFE3A0-639D-11E2-A80E-AB2BAF291A2F} = {54354818-AA65-49AF-B1EE-657D97FCD838}
		{75B04C07-94D9-41E7-BBFD-E67F79BFF41A} = {54354818-AA65-49AF-B1EE-657D97FCD838}
	EndGlobalSection
EndGlobal
