<?xml version="1.0" encoding="utf-8"?>
<Project ToolsVersion="4.0" xmlns="http://schemas.microsoft.com/developer/msbuild/2003">
  <ItemGroup>
    <ClCompile Include="..\src\ioapi.c">
      <Filter>minizip</Filter>
    </ClCompile>
    <ClCompile Include="..\src\iowin32.c">
      <Filter>minizip</Filter>
    </ClCompile>
    <ClCompile Include="..\src\mztools.c">
      <Filter>minizip</Filter>
    </ClCompile>
    <ClCompile Include="..\src\unzip.c">
      <Filter>minizip</Filter>
    </ClCompile>
    <ClCompile Include="..\src\zip.c">
      <Filter>minizip</Filter>
    </ClCompile>
    <ClCompile Include="..\..\zlib\src\adler32.c">
      <Filter>zlib</Filter>
    </ClCompile>
    <ClCompile Include="..\..\zlib\src\compress.c">
      <Filter>zlib</Filter>
    </ClCompile>
    <ClCompile Include="..\..\zlib\src\crc32.c">
      <Filter>zlib</Filter>
    </ClCompile>
    <ClCompile Include="..\..\zlib\src\deflate.c">
      <Filter>zlib</Filter>
    </ClCompile>
    <ClCompile Include="..\..\zlib\src\infback.c">
      <Filter>zlib</Filter>
    </ClCompile>
    <ClCompile Include="..\..\zlib\src\inffast.c">
      <Filter>zlib</Filter>
    </ClCompile>
    <ClCompile Include="..\..\zlib\src\inflate.c">
      <Filter>zlib</Filter>
    </ClCompile>
    <ClCompile Include="..\..\zlib\src\inftrees.c">
      <Filter>zlib</Filter>
    </ClCompile>
    <ClCompile Include="..\..\zlib\src\trees.c">
      <Filter>zlib</Filter>
    </ClCompile>
    <ClCompile Include="..\..\zlib\src\uncompr.c">
      <Filter>zlib</Filter>
    </ClCompile>
    <ClCompile Include="..\..\zlib\src\zutil.c">
      <Filter>zlib</Filter>
    </ClCompile>
  </ItemGroup>
  <ItemGroup>
    <ClInclude Include="..\src\crypt.h">
      <Filter>minizip</Filter>
    </ClInclude>
    <ClInclude Include="..\src\ioapi.h">
      <Filter>minizip</Filter>
    </ClInclude>
    <ClInclude Include="..\src\iowin32.h">
      <Filter>minizip</Filter>
    </ClInclude>
    <ClInclude Include="..\src\mztools.h">
      <Filter>minizip</Filter>
    </ClInclude>
    <ClInclude Include="..\src\unzip.h">
      <Filter>minizip</Filter>
    </ClInclude>
    <ClInclude Include="..\src\zip.h">
      <Filter>minizip</Filter>
    </ClInclude>
  </ItemGroup>
  <ItemGroup>
    <Filter Include="minizip">
      <UniqueIdentifier>{c6d2addb-0bbe-4612-86f4-90aa74ad6e25}</UniqueIdentifier>
    </Filter>
    <Filter Include="zlib">
      <UniqueIdentifier>{ea2e5d5e-7975-4bee-a236-dad3ded05846}</UniqueIdentifier>
    </Filter>
  </ItemGroup>
  <ItemGroup>
    <None Include="..\src\minizip.def" />
  </ItemGroup>
</Project>