<?xml version="1.0" encoding="utf-8"?>
<Project ToolsVersion="4.0" xmlns="http://schemas.microsoft.com/developer/msbuild/2003">
  <ItemGroup>
    <Filter Include="Resource Files">
      <UniqueIdentifier>{38c49da3-b1a5-4e9f-a1c4-3468d0853336}</UniqueIdentifier>
      <Extensions>ico;cur;bmp;dlg;rc2;rct;bin;rgs;gif;jpg;jpeg;jpe</Extensions>
    </Filter>
    <Filter Include="base">
      <UniqueIdentifier>{ad765d3c-3e90-42b8-af7f-a4d9fef394fb}</UniqueIdentifier>
    </Filter>
    <Filter Include="base\warcraft3">
      <UniqueIdentifier>{7e4a1c7a-d9c5-407e-acf1-72627542f7a0}</UniqueIdentifier>
    </Filter>
    <Filter Include="base\warcraft3\detail">
      <UniqueIdentifier>{3d97b047-ef84-446e-8db9-35c263ab3b2b}</UniqueIdentifier>
    </Filter>
    <Filter Include="base\warcraft3\jass">
      <UniqueIdentifier>{96a12d03-e58b-4f43-8c9b-5226c011e69f}</UniqueIdentifier>
    </Filter>
    <Filter Include="base\warcraft3\udis86">
      <UniqueIdentifier>{8d488159-71a5-4ddb-bd19-57e9cf169109}</UniqueIdentifier>
    </Filter>
  </ItemGroup>
  <ItemGroup>
    <ClCompile Include="DllMain.cpp" />
    <ClCompile Include="base\warcraft3\detail\string_hash.cpp">
      <Filter>base\warcraft3\detail</Filter>
    </ClCompile>
    <ClCompile Include="base\warcraft3\detail\memory_search.cpp">
      <Filter>base\warcraft3\detail</Filter>
    </ClCompile>
    <ClCompile Include="base\warcraft3\war3_searcher.cpp">
      <Filter>base\warcraft3</Filter>
    </ClCompile>
    <ClCompile Include="base\warcraft3\basic_searcher.cpp">
      <Filter>base\warcraft3</Filter>
    </ClCompile>
    <ClCompile Include="base\warcraft3\hashtable.cpp">
      <Filter>base\warcraft3</Filter>
    </ClCompile>
    <ClCompile Include="base\warcraft3\jass.cpp">
      <Filter>base\warcraft3</Filter>
    </ClCompile>
    <ClCompile Include="base\warcraft3\detail\convert_real.cpp">
      <Filter>base\warcraft3\detail</Filter>
    </ClCompile>
    <ClCompile Include="base\warcraft3\jass\trampoline.cpp">
      <Filter>base\warcraft3\jass</Filter>
    </ClCompile>
    <ClCompile Include="base\warcraft3\jass\global_variable.cpp">
      <Filter>base\warcraft3\jass</Filter>
    </ClCompile>
    <ClCompile Include="base\warcraft3\jass\trampoline_function.cpp">
      <Filter>base\warcraft3\jass</Filter>
    </ClCompile>
    <ClCompile Include="base\warcraft3\jass\nf_register.cpp">
      <Filter>base\warcraft3\jass</Filter>
    </ClCompile>
    <ClCompile Include="base\warcraft3\jass\hook.cpp">
      <Filter>base\warcraft3\jass</Filter>
    </ClCompile>
    <ClCompile Include="base\warcraft3\jass\func_value.cpp">
      <Filter>base\warcraft3\jass</Filter>
    </ClCompile>
    <ClCompile Include="base\warcraft3\event.cpp">
      <Filter>base\warcraft3</Filter>
    </ClCompile>
    <ClCompile Include="base\warcraft3\directory.cpp">
      <Filter>base\warcraft3</Filter>
    </ClCompile>
    <ClCompile Include="base\warcraft3\command_line.cpp">
      <Filter>base\warcraft3</Filter>
    </ClCompile>
    <ClCompile Include="base\warcraft3\virtual_mpq.cpp">
      <Filter>base\warcraft3</Filter>
    </ClCompile>
    <ClCompile Include="base\warcraft3\player.cpp">
      <Filter>base\warcraft3</Filter>
    </ClCompile>
    <ClCompile Include="base\warcraft3\message_dispatch.cpp">
      <Filter>base\warcraft3</Filter>
    </ClCompile>
    <ClCompile Include="base\warcraft3\udis86\udis86.c">
      <Filter>base\warcraft3\udis86</Filter>
    </ClCompile>
    <ClCompile Include="base\warcraft3\udis86\udis86_decode.c">
      <Filter>base\warcraft3\udis86</Filter>
    </ClCompile>
    <ClCompile Include="base\warcraft3\udis86\udis86_itab.c">
      <Filter>base\warcraft3\udis86</Filter>
    </ClCompile>
    <ClCompile Include="base\warcraft3\jass\opcode.cpp">
      <Filter>base\warcraft3\jass</Filter>
    </ClCompile>
  </ItemGroup>
  <ItemGroup>
    <ClInclude Include="base\warcraft3\detail\string_hash.h">
      <Filter>base\warcraft3\detail</Filter>
    </ClInclude>
    <ClInclude Include="base\warcraft3\detail\memory_search.h">
      <Filter>base\warcraft3\detail</Filter>
    </ClInclude>
    <ClInclude Include="base\warcraft3\war3_searcher.h">
      <Filter>base\warcraft3</Filter>
    </ClInclude>
    <ClInclude Include="base\warcraft3\basic_searcher.h">
      <Filter>base\warcraft3</Filter>
    </ClInclude>
    <ClInclude Include="base\warcraft3\hashtable.h">
      <Filter>base\warcraft3</Filter>
    </ClInclude>
    <ClInclude Include="base\warcraft3\version.h">
      <Filter>base\warcraft3</Filter>
    </ClInclude>
    <ClInclude Include="base\warcraft3\jass.h">
      <Filter>base\warcraft3</Filter>
    </ClInclude>
    <ClInclude Include="base\warcraft3\jass\trampoline.h">
      <Filter>base\warcraft3\jass</Filter>
    </ClInclude>
    <ClInclude Include="base\warcraft3\jass\opcode.h">
      <Filter>base\warcraft3\jass</Filter>
    </ClInclude>
    <ClInclude Include="base\warcraft3\jass\global_variable.h">
      <Filter>base\warcraft3\jass</Filter>
    </ClInclude>
    <ClInclude Include="base\warcraft3\jass\trampoline_function.h">
      <Filter>base\warcraft3\jass</Filter>
    </ClInclude>
    <ClInclude Include="base\warcraft3\jass\nf_register.h">
      <Filter>base\warcraft3\jass</Filter>
    </ClInclude>
    <ClInclude Include="base\warcraft3\jass\hook.h">
      <Filter>base\warcraft3\jass</Filter>
    </ClInclude>
    <ClInclude Include="base\warcraft3\jass\func_value.h">
      <Filter>base\warcraft3\jass</Filter>
    </ClInclude>
    <ClInclude Include="base\warcraft3\event.h">
      <Filter>base\warcraft3</Filter>
    </ClInclude>
    <ClInclude Include="base\warcraft3\directory.h">
      <Filter>base\warcraft3</Filter>
    </ClInclude>
    <ClInclude Include="base\warcraft3\command_line.h">
      <Filter>base\warcraft3</Filter>
    </ClInclude>
    <ClInclude Include="base\warcraft3\virtual_mpq.h">
      <Filter>base\warcraft3</Filter>
    </ClInclude>
    <ClInclude Include="base\warcraft3\keyboard_code.h">
      <Filter>base\warcraft3</Filter>
    </ClInclude>
    <ClInclude Include="base\warcraft3\player.h">
      <Filter>base\warcraft3</Filter>
    </ClInclude>
    <ClInclude Include="base\warcraft3\message_dispatch.h">
      <Filter>base\warcraft3</Filter>
    </ClInclude>
    <ClInclude Include="base\warcraft3\udis86\udis86.h">
      <Filter>base\warcraft3\udis86</Filter>
    </ClInclude>
    <ClInclude Include="base\warcraft3\udis86\udis86_decode.h">
      <Filter>base\warcraft3\udis86</Filter>
    </ClInclude>
    <ClInclude Include="base\warcraft3\udis86\udis86_itab.h">
      <Filter>base\warcraft3\udis86</Filter>
    </ClInclude>
    <ClInclude Include="base\warcraft3\udis86\udis86_types.h">
      <Filter>base\warcraft3\udis86</Filter>
    </ClInclude>
    <ClInclude Include="base\warcraft3\udis86\udis86_udint.h">
      <Filter>base\warcraft3\udis86</Filter>
    </ClInclude>
    <ClInclude Include="base\warcraft3\config.h">
      <Filter>base\warcraft3</Filter>
    </ClInclude>
  </ItemGroup>
  <ItemGroup>
    <ResourceCompile Include="version.rc">
      <Filter>Resource Files</Filter>
    </ResourceCompile>
  </ItemGroup>
</Project>