<?xml version="1.0" encoding="utf-8"?>
<Project ToolsVersion="4.0" xmlns="http://schemas.microsoft.com/developer/msbuild/2003">
  <ItemGroup>
    <Filter Include="Source Files">
      <UniqueIdentifier>{52D8ACC0-EC48-11E2-8B7F-090A112F1D70}</UniqueIdentifier>
      <Extensions>cpp;c;cc;cxx;def;odl;idl;hpj;bat;asm;asmx</Extensions>
    </Filter>
    <Filter Include="Header Files">
      <UniqueIdentifier>{52DA9EC0-EC48-11E2-B0C2-4B4CF3A0C795}</UniqueIdentifier>
      <Extensions>h;hpp;hxx;hm;inl;inc;xsd</Extensions>
    </Filter>
    <Filter Include="Resource Files">
      <UniqueIdentifier>{52DCB340-EC48-11E2-9916-BF94D6897523}</UniqueIdentifier>
      <Extensions>rc;ico;cur;bmp;dlg;rc2;rct;bin;rgs;gif;jpg;jpeg;jpe;resx;tiff;tif;png;wav;mfcribbon-ms</Extensions>
    </Filter>
  </ItemGroup>
  <ItemGroup>
    <ClCompile Include="luaopen_log.cpp">
      <Filter>Source Files</Filter>
    </ClCompile>
    <ClCompile Include="logging.cpp">
      <Filter>Source Files</Filter>
    </ClCompile>
    <ClCompile Include="logging_backend.cpp">
      <Filter>Source Files</Filter>
    </ClCompile>
  </ItemGroup>
  <ItemGroup>
    <ClInclude Include="logging.h">
      <Filter>Header Files</Filter>
    </ClInclude>
    <ClInclude Include="logging_backend.h">
      <Filter>Header Files</Filter>
    </ClInclude>
    <ClInclude Include="logging_frontend.h">
      <Filter>Header Files</Filter>
    </ClInclude>
  </ItemGroup>
</Project>