<?xml version="1.0" encoding="utf-8"?>
<Project ToolsVersion="4.0" xmlns="http://schemas.microsoft.com/developer/msbuild/2003">
  <ItemGroup>
    <Filter Include="Resource Files">
      <UniqueIdentifier>{38c49da3-b1a5-4e9f-a1c4-3468d0853336}</UniqueIdentifier>
      <Extensions>ico;cur;bmp;dlg;rc2;rct;bin;rgs;gif;jpg;jpeg;jpe</Extensions>
    </Filter>
    <Filter Include="base">
      <UniqueIdentifier>{ad765d3c-3e90-42b8-af7f-a4d9fef394fb}</UniqueIdentifier>
    </Filter>
    <Filter Include="base\util">
      <UniqueIdentifier>{8793b407-2f96-464c-bcdb-628edcf75f6c}</UniqueIdentifier>
    </Filter>
    <Filter Include="base\path">
      <UniqueIdentifier>{f0deea76-7b22-453d-a30a-bdc29ab84d64}</UniqueIdentifier>
    </Filter>
    <Filter Include="base\com">
      <UniqueIdentifier>{92913d83-b2e8-4e50-b06c-224ac9a8ab2c}</UniqueIdentifier>
    </Filter>
    <Filter Include="base\win">
      <UniqueIdentifier>{4162a522-6930-4d3b-9523-b582bcde4910}</UniqueIdentifier>
    </Filter>
    <Filter Include="base\hook">
      <UniqueIdentifier>{4a688dba-1372-4785-869c-7987956a639a}</UniqueIdentifier>
    </Filter>
    <Filter Include="base\hook\detail">
      <UniqueIdentifier>{499e7c76-f9d3-4505-8359-c116b248a1bc}</UniqueIdentifier>
    </Filter>
    <Filter Include="base\hook\assembler">
      <UniqueIdentifier>{f9143e63-84b2-464b-875e-a05d101a2f49}</UniqueIdentifier>
    </Filter>
    <Filter Include="base\file">
      <UniqueIdentifier>{98c0be1b-e82d-4a6a-8179-8d6e11315c17}</UniqueIdentifier>
    </Filter>
    <Filter Include="base\lua">
      <UniqueIdentifier>{b74a47f0-eb1f-4c6c-9b1c-210bcabbb9d0}</UniqueIdentifier>
    </Filter>
    <Filter Include="base\win\font">
      <UniqueIdentifier>{d3bb681c-bfad-45b8-b53a-094ab9bbc6bf}</UniqueIdentifier>
    </Filter>
    <Filter Include="base\i18n">
      <UniqueIdentifier>{84787b93-89af-4757-b2f5-8507c8e7cc78}</UniqueIdentifier>
    </Filter>
  </ItemGroup>
  <ItemGroup>
    <ClCompile Include="DllMain.cpp" />
    <ClCompile Include="base\win\version.cpp">
      <Filter>base\win</Filter>
    </ClCompile>
    <ClCompile Include="base\hook\detail\memory_protect.cpp">
      <Filter>base\hook\detail</Filter>
    </ClCompile>
    <ClCompile Include="base\hook\detail\import_address_table.cpp">
      <Filter>base\hook\detail</Filter>
    </ClCompile>
    <ClCompile Include="base\hook\iat.cpp">
      <Filter>base\hook</Filter>
    </ClCompile>
    <ClCompile Include="base\hook\detail\export_address_table.cpp">
      <Filter>base\hook\detail</Filter>
    </ClCompile>
    <ClCompile Include="base\hook\eat.cpp">
      <Filter>base\hook</Filter>
    </ClCompile>
    <ClCompile Include="base\hook\iat_manager.cpp">
      <Filter>base\hook</Filter>
    </ClCompile>
    <ClCompile Include="base\win\file_version.cpp">
      <Filter>base\win</Filter>
    </ClCompile>
    <ClCompile Include="base\hook\inline.cpp">
      <Filter>base\hook</Filter>
    </ClCompile>
    <ClCompile Include="base\win\pe_reader.cpp">
      <Filter>base\win</Filter>
    </ClCompile>
    <ClCompile Include="base\file\file_handle.cpp">
      <Filter>base\file</Filter>
    </ClCompile>
    <ClCompile Include="base\file\memory_mapped_file.cpp">
      <Filter>base\file</Filter>
    </ClCompile>
    <ClCompile Include="base\util\console.cpp">
      <Filter>base\util</Filter>
    </ClCompile>
    <ClCompile Include="base\util\is_utf8.cpp">
      <Filter>base\util</Filter>
    </ClCompile>
    <ClCompile Include="base\file\stream.cpp">
      <Filter>base\file</Filter>
    </ClCompile>
    <ClCompile Include="base\win\font\file.cpp">
      <Filter>base\win\font</Filter>
    </ClCompile>
    <ClCompile Include="base\win\font\utility.cpp">
      <Filter>base\win\font</Filter>
    </ClCompile>
    <ClCompile Include="base\hook\dyn_iat.cpp">
      <Filter>base\hook</Filter>
    </ClCompile>
    <ClCompile Include="base\hook\patch.cpp">
      <Filter>base\hook</Filter>
    </ClCompile>
    <ClCompile Include="base\hook\injectdll.cpp">
      <Filter>base\hook</Filter>
    </ClCompile>
    <ClCompile Include="base\path\get_path.cpp">
      <Filter>base\path</Filter>
    </ClCompile>
    <ClCompile Include="base\path\ydwe.cpp">
      <Filter>base\path</Filter>
    </ClCompile>
    <ClCompile Include="base\hook\replacedll.cpp">
      <Filter>base\hook</Filter>
    </ClCompile>
    <ClCompile Include="base\hook\replace_pointer.cpp">
      <Filter>base\hook</Filter>
    </ClCompile>
    <ClCompile Include="base\util\pinyin.cpp">
      <Filter>base\util</Filter>
    </ClCompile>
    <ClCompile Include="base\i18n\gettext.cpp">
      <Filter>base\i18n</Filter>
    </ClCompile>
  </ItemGroup>
  <ItemGroup>
    <ClInclude Include="base\com\unique_ptr.h">
      <Filter>base\com</Filter>
    </ClInclude>
    <ClInclude Include="base\com\guard.h">
      <Filter>base\com</Filter>
    </ClInclude>
    <ClInclude Include="base\win\version.h">
      <Filter>base\win</Filter>
    </ClInclude>
    <ClInclude Include="base\hook\detail\memory_protect.h">
      <Filter>base\hook\detail</Filter>
    </ClInclude>
    <ClInclude Include="base\hook\detail\import_address_table.h">
      <Filter>base\hook\detail</Filter>
    </ClInclude>
    <ClInclude Include="base\hook\iat.h">
      <Filter>base\hook</Filter>
    </ClInclude>
    <ClInclude Include="base\hook\detail\export_address_table.h">
      <Filter>base\hook\detail</Filter>
    </ClInclude>
    <ClInclude Include="base\hook\eat.h">
      <Filter>base\hook</Filter>
    </ClInclude>
    <ClInclude Include="base\util\foreach.h">
      <Filter>base\util</Filter>
    </ClInclude>
    <ClInclude Include="base\hook\iat_manager.h">
      <Filter>base\hook</Filter>
    </ClInclude>
    <ClInclude Include="base\win\file_version.h">
      <Filter>base\win</Filter>
    </ClInclude>
    <ClInclude Include="base\hook\inline.h">
      <Filter>base\hook</Filter>
    </ClInclude>
    <ClInclude Include="base\win\pe_reader.h">
      <Filter>base\win</Filter>
    </ClInclude>
    <ClInclude Include="base\hook\assembler\register.h">
      <Filter>base\hook\assembler</Filter>
    </ClInclude>
    <ClInclude Include="base\hook\assembler\writer.h">
      <Filter>base\hook\assembler</Filter>
    </ClInclude>
    <ClInclude Include="base\win\scoped_handle.h">
      <Filter>base\win</Filter>
    </ClInclude>
    <ClInclude Include="base\file\memory_mapped_file.h">
      <Filter>base\file</Filter>
    </ClInclude>
    <ClInclude Include="base\file\file_handle.h">
      <Filter>base\file</Filter>
    </ClInclude>
    <ClInclude Include="base\util\noncopyable.h">
      <Filter>base\util</Filter>
    </ClInclude>
    <ClInclude Include="base\util\singleton.h">
      <Filter>base\util</Filter>
    </ClInclude>
    <ClInclude Include="base\util\console.h">
      <Filter>base\util</Filter>
    </ClInclude>
    <ClInclude Include="base\util\buffer.h">
      <Filter>base\util</Filter>
    </ClInclude>
    <ClInclude Include="base\path\self.h">
      <Filter>base\path</Filter>
    </ClInclude>
    <ClInclude Include="base\hook\assembler\operand.h">
      <Filter>base\hook\assembler</Filter>
    </ClInclude>
    <ClInclude Include="base\util\horrible_cast.h">
      <Filter>base\util</Filter>
    </ClInclude>
    <ClInclude Include="base\util\signal.h">
      <Filter>base\util</Filter>
    </ClInclude>
    <ClInclude Include="base\util\do_once.h">
      <Filter>base\util</Filter>
    </ClInclude>
    <ClInclude Include="base\file\stream.h">
      <Filter>base\file</Filter>
    </ClInclude>
    <ClInclude Include="base\util\hybrid_array.h">
      <Filter>base\util</Filter>
    </ClInclude>
    <ClInclude Include="base\lua\make_range.h">
      <Filter>base\lua</Filter>
    </ClInclude>
    <ClInclude Include="base\config.h" />
    <ClInclude Include="base\hook\fp_call.h">
      <Filter>base\hook</Filter>
    </ClInclude>
    <ClInclude Include="base\win\font\file.h">
      <Filter>base\win\font</Filter>
    </ClInclude>
    <ClInclude Include="base\win\font\utility.h">
      <Filter>base\win\font</Filter>
    </ClInclude>
    <ClInclude Include="base\hook\dyn_iat.h">
      <Filter>base\hook</Filter>
    </ClInclude>
    <ClInclude Include="base\filesystem.h">
      <Filter>base</Filter>
    </ClInclude>
    <ClInclude Include="base\util\string_algorithm.h">
      <Filter>base\util</Filter>
    </ClInclude>
    <ClInclude Include="base\lua\object.h">
      <Filter>base\lua</Filter>
    </ClInclude>
    <ClInclude Include="base\lua\guard.h">
      <Filter>base\lua</Filter>
    </ClInclude>
    <ClInclude Include="base\util\ini.h">
      <Filter>base\util</Filter>
    </ClInclude>
    <ClInclude Include="base\hook\patch.h">
      <Filter>base\hook</Filter>
    </ClInclude>
    <ClInclude Include="base\hook\injectdll.h">
      <Filter>base\hook</Filter>
    </ClInclude>
    <ClInclude Include="base\path\get_path.h">
      <Filter>base\path</Filter>
    </ClInclude>
    <ClInclude Include="base\path\ydwe.h">
      <Filter>base\path</Filter>
    </ClInclude>
    <ClInclude Include="base\hook\replacedll.h">
      <Filter>base\hook</Filter>
    </ClInclude>
    <ClInclude Include="base\hook\replace_pointer.h">
      <Filter>base\hook</Filter>
    </ClInclude>
    <ClInclude Include="base\util\pinyin.h">
      <Filter>base\util</Filter>
    </ClInclude>
    <ClInclude Include="base\util\is_utf8.h">
      <Filter>base\util</Filter>
    </ClInclude>
    <ClInclude Include="base\i18n\gettext.h">
      <Filter>base\i18n</Filter>
    </ClInclude>
    <ClInclude Include="base\i18n\lng.h">
      <Filter>base\i18n</Filter>
    </ClInclude>
  </ItemGroup>
  <ItemGroup>
    <ResourceCompile Include="version.rc">
      <Filter>Resource Files</Filter>
    </ResourceCompile>
  </ItemGroup>
</Project>