<?xml version="1.0" encoding="utf-8"?>
<Project ToolsVersion="4.0" xmlns="http://schemas.microsoft.com/developer/msbuild/2003">
  <ItemGroup>
    <Filter Include="Resource Files">
      <UniqueIdentifier>{38c49da3-b1a5-4e9f-a1c4-3468d0853336}</UniqueIdentifier>
      <Extensions>ico;cur;bmp;dlg;rc2;rct;bin;rgs;gif;jpg;jpeg;jpe</Extensions>
    </Filter>
    <Filter Include="base">
      <UniqueIdentifier>{ad765d3c-3e90-42b8-af7f-a4d9fef394fb}</UniqueIdentifier>
    </Filter>
    <Filter Include="base\util">
      <UniqueIdentifier>{8793b407-2f96-464c-bcdb-628edcf75f6c}</UniqueIdentifier>
    </Filter>
    <Filter Include="base\util\detail">
      <UniqueIdentifier>{f9399aac-9f1d-4984-b60e-751840a5ff9f}</UniqueIdentifier>
    </Filter>
    <Filter Include="base\path">
      <UniqueIdentifier>{f0deea76-7b22-453d-a30a-bdc29ab84d64}</UniqueIdentifier>
    </Filter>
    <Filter Include="base\com">
      <UniqueIdentifier>{92913d83-b2e8-4e50-b06c-224ac9a8ab2c}</UniqueIdentifier>
    </Filter>
    <Filter Include="base\win">
      <UniqueIdentifier>{4162a522-6930-4d3b-9523-b582bcde4910}</UniqueIdentifier>
    </Filter>
    <Filter Include="base\hook">
      <UniqueIdentifier>{4a688dba-1372-4785-869c-7987956a639a}</UniqueIdentifier>
    </Filter>
    <Filter Include="base\hook\detail">
      <UniqueIdentifier>{499e7c76-f9d3-4505-8359-c116b248a1bc}</UniqueIdentifier>
    </Filter>
    <Filter Include="base\hook\assembler">
      <UniqueIdentifier>{f9143e63-84b2-464b-875e-a05d101a2f49}</UniqueIdentifier>
    </Filter>
    <Filter Include="base\exception">
      <UniqueIdentifier>{8cfb2827-1c18-4e68-9be9-9a17e657b774}</UniqueIdentifier>
    </Filter>
    <Filter Include="base\exception\detail">
      <UniqueIdentifier>{d4af3999-4995-4947-b2c4-fc1a2b79f862}</UniqueIdentifier>
    </Filter>
    <Filter Include="base\file">
      <UniqueIdentifier>{98c0be1b-e82d-4a6a-8179-8d6e11315c17}</UniqueIdentifier>
    </Filter>
    <Filter Include="base\warcraft3">
      <UniqueIdentifier>{7e4a1c7a-d9c5-407e-acf1-72627542f7a0}</UniqueIdentifier>
    </Filter>
    <Filter Include="base\warcraft3\detail">
      <UniqueIdentifier>{3d97b047-ef84-446e-8db9-35c263ab3b2b}</UniqueIdentifier>
    </Filter>
    <Filter Include="base\lua">
      <UniqueIdentifier>{b74a47f0-eb1f-4c6c-9b1c-210bcabbb9d0}</UniqueIdentifier>
    </Filter>
    <Filter Include="base\lua\luabind">
      <UniqueIdentifier>{6535210c-7245-4b51-af4f-870f46a6359a}</UniqueIdentifier>
    </Filter>
    <Filter Include="base\i18n">
      <UniqueIdentifier>{5337e579-9ee0-4e9b-807d-3339cda61c96}</UniqueIdentifier>
    </Filter>
    <Filter Include="base\path\detail">
      <UniqueIdentifier>{4f489e17-c001-4918-84f9-45d751d1b9ac}</UniqueIdentifier>
    </Filter>
    <Filter Include="base\warcraft3\jass">
      <UniqueIdentifier>{96a12d03-e58b-4f43-8c9b-5226c011e69f}</UniqueIdentifier>
    </Filter>
    <Filter Include="base\thread">
      <UniqueIdentifier>{9ca77287-10cc-4b02-bc03-1ed154a1e30e}</UniqueIdentifier>
    </Filter>
    <Filter Include="base\lockfree">
      <UniqueIdentifier>{5fe812b9-677b-4e06-86a2-333736d0c16e}</UniqueIdentifier>
    </Filter>
    <Filter Include="base\win\registry">
      <UniqueIdentifier>{306f1d0f-9d0f-4f74-a119-6bdbeb6a31f7}</UniqueIdentifier>
    </Filter>
    <Filter Include="base\thread\lock">
      <UniqueIdentifier>{3beaa0e4-1378-4d7e-8d51-a8869869b7f7}</UniqueIdentifier>
    </Filter>
    <Filter Include="base\win\font">
      <UniqueIdentifier>{d3bb681c-bfad-45b8-b53a-094ab9bbc6bf}</UniqueIdentifier>
    </Filter>
    <Filter Include="base\hook\udis86">
      <UniqueIdentifier>{f23ecf6d-f199-4948-9430-68c1c5ec48c3}</UniqueIdentifier>
    </Filter>
  </ItemGroup>
  <ItemGroup>
    <ClCompile Include="DllMain.cpp" />
    <ClCompile Include="base\util\unicode.cpp">
      <Filter>base\util</Filter>
    </ClCompile>
    <ClCompile Include="base\path\service.cpp">
      <Filter>base\path</Filter>
    </ClCompile>
    <ClCompile Include="base\win\version.cpp">
      <Filter>base\win</Filter>
    </ClCompile>
    <ClCompile Include="base\hook\detail\replace_pointer.cpp">
      <Filter>base\hook\detail</Filter>
    </ClCompile>
    <ClCompile Include="base\hook\detail\memory_protect.cpp">
      <Filter>base\hook\detail</Filter>
    </ClCompile>
    <ClCompile Include="base\hook\detail\import_address_table.cpp">
      <Filter>base\hook\detail</Filter>
    </ClCompile>
    <ClCompile Include="base\hook\iat.cpp">
      <Filter>base\hook</Filter>
    </ClCompile>
    <ClCompile Include="base\hook\detail\export_address_table.cpp">
      <Filter>base\hook\detail</Filter>
    </ClCompile>
    <ClCompile Include="base\hook\eat.cpp">
      <Filter>base\hook</Filter>
    </ClCompile>
    <ClCompile Include="base\hook\iat_manager.cpp">
      <Filter>base\hook</Filter>
    </ClCompile>
    <ClCompile Include="base\win\file_version.cpp">
      <Filter>base\win</Filter>
    </ClCompile>
    <ClCompile Include="base\hook\inline.cpp">
      <Filter>base\hook</Filter>
    </ClCompile>
    <ClCompile Include="base\win\pe_reader.cpp">
      <Filter>base\win</Filter>
    </ClCompile>
    <ClCompile Include="base\hook\detail\inject_dll.cpp">
      <Filter>base\hook\detail</Filter>
    </ClCompile>
    <ClCompile Include="base\exception\windows_exception.cpp">
      <Filter>base\exception</Filter>
    </ClCompile>
    <ClCompile Include="base\file\file_handle.cpp">
      <Filter>base\file</Filter>
    </ClCompile>
    <ClCompile Include="base\file\file_mapping_handle.cpp">
      <Filter>base\file</Filter>
    </ClCompile>
    <ClCompile Include="base\file\memory_mapped_file.cpp">
      <Filter>base\file</Filter>
    </ClCompile>
    <ClCompile Include="base\warcraft3\detail\string_hash.cpp">
      <Filter>base\warcraft3\detail</Filter>
    </ClCompile>
    <ClCompile Include="base\warcraft3\detail\memory_search.cpp">
      <Filter>base\warcraft3\detail</Filter>
    </ClCompile>
    <ClCompile Include="base\warcraft3\war3_searcher.cpp">
      <Filter>base\warcraft3</Filter>
    </ClCompile>
    <ClCompile Include="base\warcraft3\basic_searcher.cpp">
      <Filter>base\warcraft3</Filter>
    </ClCompile>
    <ClCompile Include="base\win\env_variable.cpp">
      <Filter>base\win</Filter>
    </ClCompile>
    <ClCompile Include="base\warcraft3\hashtable.cpp">
      <Filter>base\warcraft3</Filter>
    </ClCompile>
    <ClCompile Include="base\util\console.cpp">
      <Filter>base\util</Filter>
    </ClCompile>
    <ClCompile Include="base\exception\seh_exception.cpp">
      <Filter>base\exception</Filter>
    </ClCompile>
    <ClCompile Include="base\warcraft3\jass.cpp">
      <Filter>base\warcraft3</Filter>
    </ClCompile>
    <ClCompile Include="base\warcraft3\detail\convert_real.cpp">
      <Filter>base\warcraft3\detail</Filter>
    </ClCompile>
    <ClCompile Include="base\win\process.cpp">
      <Filter>base\win</Filter>
    </ClCompile>
    <ClCompile Include="base\util\is_utf8.cpp">
      <Filter>base\util</Filter>
    </ClCompile>
    <ClCompile Include="base\i18n\mofile.cpp">
      <Filter>base\i18n</Filter>
    </ClCompile>
    <ClCompile Include="base\i18n\libintl.cpp">
      <Filter>base\i18n</Filter>
    </ClCompile>
    <ClCompile Include="base\path\detail\get_path.cpp">
      <Filter>base\path\detail</Filter>
    </ClCompile>
    <ClCompile Include="base\warcraft3\jass\trampoline.cpp">
      <Filter>base\warcraft3\jass</Filter>
    </ClCompile>
    <ClCompile Include="base\exception\exception.cpp">
      <Filter>base\exception</Filter>
    </ClCompile>
    <ClCompile Include="base\warcraft3\jass\global_variable.cpp">
      <Filter>base\warcraft3\jass</Filter>
    </ClCompile>
    <ClCompile Include="base\warcraft3\jass\trampoline_function.cpp">
      <Filter>base\warcraft3\jass</Filter>
    </ClCompile>
    <ClCompile Include="base\exception\system_exception.cpp">
      <Filter>base\exception</Filter>
    </ClCompile>
    <ClCompile Include="base\file\stream.cpp">
      <Filter>base\file</Filter>
    </ClCompile>
    <ClCompile Include="base\warcraft3\jass\nf_register.cpp">
      <Filter>base\warcraft3\jass</Filter>
    </ClCompile>
    <ClCompile Include="base\warcraft3\jass\hook.cpp">
      <Filter>base\warcraft3\jass</Filter>
    </ClCompile>
    <ClCompile Include="base\warcraft3\jass\func_value.cpp">
      <Filter>base\warcraft3\jass</Filter>
    </ClCompile>
    <ClCompile Include="base\warcraft3\event.cpp">
      <Filter>base\warcraft3</Filter>
    </ClCompile>
    <ClCompile Include="base\warcraft3\directory.cpp">
      <Filter>base\warcraft3</Filter>
    </ClCompile>
    <ClCompile Include="base\win\get_tick_count.cpp">
      <Filter>base\win</Filter>
    </ClCompile>
    <ClCompile Include="base\thread\thread.cpp">
      <Filter>base\thread</Filter>
    </ClCompile>
    <ClCompile Include="base\thread\thread_exception.cpp">
      <Filter>base\thread</Filter>
    </ClCompile>
    <ClCompile Include="base\warcraft3\command_line.cpp">
      <Filter>base\warcraft3</Filter>
    </ClCompile>
    <ClCompile Include="base\win\font\file.cpp">
      <Filter>base\win\font</Filter>
    </ClCompile>
    <ClCompile Include="base\win\font\utility.cpp">
      <Filter>base\win\font</Filter>
    </ClCompile>
    <ClCompile Include="base\warcraft3\virtual_mpq.cpp">
      <Filter>base\warcraft3</Filter>
    </ClCompile>
    <ClCompile Include="base\path\helper.cpp">
      <Filter>base\path</Filter>
    </ClCompile>
    <ClCompile Include="base\hook\dyn_iat.cpp">
      <Filter>base\hook</Filter>
    </ClCompile>
    <ClCompile Include="base\win\windows_category.cpp">
      <Filter>base\win</Filter>
    </ClCompile>
    <ClCompile Include="base\warcraft3\player.cpp">
      <Filter>base\warcraft3</Filter>
    </ClCompile>
    <ClCompile Include="base\warcraft3\message_dispatch.cpp">
      <Filter>base\warcraft3</Filter>
    </ClCompile>
    <ClCompile Include="base\hook\replace_import.cpp">
      <Filter>base\hook</Filter>
    </ClCompile>
    <ClCompile Include="base\hook\udis86\udis86_itab.c">
      <Filter>base\hook\udis86</Filter>
    </ClCompile>
    <ClCompile Include="base\hook\udis86\udis86.c">
      <Filter>base\hook\udis86</Filter>
    </ClCompile>
    <ClCompile Include="base\hook\udis86\udis86_decode.c">
      <Filter>base\hook\udis86</Filter>
    </ClCompile>
  </ItemGroup>
  <ItemGroup>
    <ClInclude Include="base\util\detail\codecvt.h">
      <Filter>base\util\detail</Filter>
    </ClInclude>
    <ClInclude Include="base\util\unicode.h">
      <Filter>base\util</Filter>
    </ClInclude>
    <ClInclude Include="base\path\service.h">
      <Filter>base\path</Filter>
    </ClInclude>
    <ClInclude Include="base\com\unique_ptr.h">
      <Filter>base\com</Filter>
    </ClInclude>
    <ClInclude Include="base\com\guard.h">
      <Filter>base\com</Filter>
    </ClInclude>
    <ClInclude Include="base\win\version.h">
      <Filter>base\win</Filter>
    </ClInclude>
    <ClInclude Include="base\hook\detail\replace_pointer.h">
      <Filter>base\hook\detail</Filter>
    </ClInclude>
    <ClInclude Include="base\hook\detail\memory_protect.h">
      <Filter>base\hook\detail</Filter>
    </ClInclude>
    <ClInclude Include="base\hook\detail\import_address_table.h">
      <Filter>base\hook\detail</Filter>
    </ClInclude>
    <ClInclude Include="base\hook\iat.h">
      <Filter>base\hook</Filter>
    </ClInclude>
    <ClInclude Include="base\hook\detail\export_address_table.h">
      <Filter>base\hook\detail</Filter>
    </ClInclude>
    <ClInclude Include="base\hook\eat.h">
      <Filter>base\hook</Filter>
    </ClInclude>
    <ClInclude Include="base\util\foreach.h">
      <Filter>base\util</Filter>
    </ClInclude>
    <ClInclude Include="base\hook\iat_manager.h">
      <Filter>base\hook</Filter>
    </ClInclude>
    <ClInclude Include="base\win\file_version.h">
      <Filter>base\win</Filter>
    </ClInclude>
    <ClInclude Include="base\hook\inline.h">
      <Filter>base\hook</Filter>
    </ClInclude>
    <ClInclude Include="base\win\pe_reader.h">
      <Filter>base\win</Filter>
    </ClInclude>
    <ClInclude Include="base\hook\assembler\register.h">
      <Filter>base\hook\assembler</Filter>
    </ClInclude>
    <ClInclude Include="base\hook\assembler\writer.h">
      <Filter>base\hook\assembler</Filter>
    </ClInclude>
    <ClInclude Include="base\hook\detail\inject_dll.h">
      <Filter>base\hook\detail</Filter>
    </ClInclude>
    <ClInclude Include="base\exception\windows_exception.h">
      <Filter>base\exception</Filter>
    </ClInclude>
    <ClInclude Include="base\win\scoped_handle.h">
      <Filter>base\win</Filter>
    </ClInclude>
    <ClInclude Include="base\file\memory_mapped_file.h">
      <Filter>base\file</Filter>
    </ClInclude>
    <ClInclude Include="base\file\file_handle.h">
      <Filter>base\file</Filter>
    </ClInclude>
    <ClInclude Include="base\file\file_mapping_handle.h">
      <Filter>base\file</Filter>
    </ClInclude>
    <ClInclude Include="base\util\noncopyable.h">
      <Filter>base\util</Filter>
    </ClInclude>
    <ClInclude Include="base\warcraft3\detail\string_hash.h">
      <Filter>base\warcraft3\detail</Filter>
    </ClInclude>
    <ClInclude Include="base\warcraft3\detail\memory_search.h">
      <Filter>base\warcraft3\detail</Filter>
    </ClInclude>
    <ClInclude Include="base\warcraft3\war3_searcher.h">
      <Filter>base\warcraft3</Filter>
    </ClInclude>
    <ClInclude Include="base\warcraft3\basic_searcher.h">
      <Filter>base\warcraft3</Filter>
    </ClInclude>
    <ClInclude Include="base\util\singleton.h">
      <Filter>base\util</Filter>
    </ClInclude>
    <ClInclude Include="base\win\env_variable.h">
      <Filter>base\win</Filter>
    </ClInclude>
    <ClInclude Include="base\warcraft3\hashtable.h">
      <Filter>base\warcraft3</Filter>
    </ClInclude>
    <ClInclude Include="base\util\console.h">
      <Filter>base\util</Filter>
    </ClInclude>
    <ClInclude Include="base\exception\seh_exception.h">
      <Filter>base\exception</Filter>
    </ClInclude>
    <ClInclude Include="base\warcraft3\version.h">
      <Filter>base\warcraft3</Filter>
    </ClInclude>
    <ClInclude Include="base\warcraft3\jass.h">
      <Filter>base\warcraft3</Filter>
    </ClInclude>
    <ClInclude Include="base\win\process.h">
      <Filter>base\win</Filter>
    </ClInclude>
    <ClInclude Include="base\lua\luabind\converter_pvoid.h">
      <Filter>base\lua\luabind</Filter>
    </ClInclude>
    <ClInclude Include="base\lua\luabind\converter_std_wstring.h">
      <Filter>base\lua\luabind</Filter>
    </ClInclude>
    <ClInclude Include="base\lua\luabind.h">
      <Filter>base\lua</Filter>
    </ClInclude>
    <ClInclude Include="base\i18n\mofile.h">
      <Filter>base\i18n</Filter>
    </ClInclude>
    <ClInclude Include="base\i18n\libintl.h">
      <Filter>base\i18n</Filter>
    </ClInclude>
    <ClInclude Include="base\util\buffer.h">
      <Filter>base\util</Filter>
    </ClInclude>
    <ClInclude Include="base\path\self.h">
      <Filter>base\path</Filter>
    </ClInclude>
    <ClInclude Include="base\path\detail\get_path.h">
      <Filter>base\path\detail</Filter>
    </ClInclude>
    <ClInclude Include="base\warcraft3\jass\trampoline.h">
      <Filter>base\warcraft3\jass</Filter>
    </ClInclude>
    <ClInclude Include="base\warcraft3\jass\opcode.h">
      <Filter>base\warcraft3\jass</Filter>
    </ClInclude>
    <ClInclude Include="base\exception\exception.h">
      <Filter>base\exception</Filter>
    </ClInclude>
    <ClInclude Include="base\warcraft3\jass\global_variable.h">
      <Filter>base\warcraft3\jass</Filter>
    </ClInclude>
    <ClInclude Include="base\exception\detail\error_msg.h">
      <Filter>base\exception\detail</Filter>
    </ClInclude>
    <ClInclude Include="base\hook\assembler\operand.h">
      <Filter>base\hook\assembler</Filter>
    </ClInclude>
    <ClInclude Include="base\util\horrible_cast.h">
      <Filter>base\util</Filter>
    </ClInclude>
    <ClInclude Include="base\util\detail\ansi_codecvt.h">
      <Filter>base\util\detail</Filter>
    </ClInclude>
    <ClInclude Include="base\util\detail\utf8_codecvt.h">
      <Filter>base\util\detail</Filter>
    </ClInclude>
    <ClInclude Include="base\warcraft3\jass\trampoline_function.h">
      <Filter>base\warcraft3\jass</Filter>
    </ClInclude>
    <ClInclude Include="base\util\signal.h">
      <Filter>base\util</Filter>
    </ClInclude>
    <ClInclude Include="base\util\do_once.h">
      <Filter>base\util</Filter>
    </ClInclude>
    <ClInclude Include="base\util\dynarray.h">
      <Filter>base\util</Filter>
    </ClInclude>
    <ClInclude Include="base\exception\system_exception.h">
      <Filter>base\exception</Filter>
    </ClInclude>
    <ClInclude Include="base\file\stream.h">
      <Filter>base\file</Filter>
    </ClInclude>
    <ClInclude Include="base\util\hybrid_array.h">
      <Filter>base\util</Filter>
    </ClInclude>
    <ClInclude Include="base\util\format.h">
      <Filter>base\util</Filter>
    </ClInclude>
    <ClInclude Include="base\warcraft3\jass\nf_register.h">
      <Filter>base\warcraft3\jass</Filter>
    </ClInclude>
    <ClInclude Include="base\warcraft3\jass\hook.h">
      <Filter>base\warcraft3\jass</Filter>
    </ClInclude>
    <ClInclude Include="base\warcraft3\jass\func_value.h">
      <Filter>base\warcraft3\jass</Filter>
    </ClInclude>
    <ClInclude Include="base\win\event.h">
      <Filter>base\win</Filter>
    </ClInclude>
    <ClInclude Include="base\warcraft3\event.h">
      <Filter>base\warcraft3</Filter>
    </ClInclude>
    <ClInclude Include="base\lua\make_range.h">
      <Filter>base\lua</Filter>
    </ClInclude>
    <ClInclude Include="base\warcraft3\directory.h">
      <Filter>base\warcraft3</Filter>
    </ClInclude>
    <ClInclude Include="base\config.h" />
    <ClInclude Include="base\win\get_tick_count.h">
      <Filter>base\win</Filter>
    </ClInclude>
    <ClInclude Include="base\thread\thread.h">
      <Filter>base\thread</Filter>
    </ClInclude>
    <ClInclude Include="base\thread\thread_exception.h">
      <Filter>base\thread</Filter>
    </ClInclude>
    <ClInclude Include="base\lockfree\queue.h">
      <Filter>base\lockfree</Filter>
    </ClInclude>
    <ClInclude Include="base\win\registry\exception.h">
      <Filter>base\win\registry</Filter>
    </ClInclude>
    <ClInclude Include="base\win\registry\key.h">
      <Filter>base\win\registry</Filter>
    </ClInclude>
    <ClInclude Include="base\win\registry\traits.h">
      <Filter>base\win\registry</Filter>
    </ClInclude>
    <ClInclude Include="base\win\registry\value.h">
      <Filter>base\win\registry</Filter>
    </ClInclude>
    <ClInclude Include="base\hook\fp_call.h">
      <Filter>base\hook</Filter>
    </ClInclude>
    <ClInclude Include="base\lua\luabind\converter_uint32_t.h">
      <Filter>base\lua\luabind</Filter>
    </ClInclude>
    <ClInclude Include="base\warcraft3\command_line.h">
      <Filter>base\warcraft3</Filter>
    </ClInclude>
    <ClInclude Include="base\thread\lock\spin.h">
      <Filter>base\thread\lock</Filter>
    </ClInclude>
    <ClInclude Include="base\thread\lock\guard.h">
      <Filter>base\thread\lock</Filter>
    </ClInclude>
    <ClInclude Include="base\win\registry\predefined_keys.h">
      <Filter>base\win\registry</Filter>
    </ClInclude>
    <ClInclude Include="base\util\string_view.h">
      <Filter>base\util</Filter>
    </ClInclude>
    <ClInclude Include="base\lua\luabind\converter_std_string_view.h">
      <Filter>base\lua\luabind</Filter>
    </ClInclude>
    <ClInclude Include="base\win\font\file.h">
      <Filter>base\win\font</Filter>
    </ClInclude>
    <ClInclude Include="base\win\font\utility.h">
      <Filter>base\win\font</Filter>
    </ClInclude>
    <ClInclude Include="base\warcraft3\virtual_mpq.h">
      <Filter>base\warcraft3</Filter>
    </ClInclude>
    <ClInclude Include="base\path\helper.h">
      <Filter>base\path</Filter>
    </ClInclude>
    <ClInclude Include="base\thread\intrusive_ptr.h">
      <Filter>base\thread</Filter>
    </ClInclude>
    <ClInclude Include="base\hook\dyn_iat.h">
      <Filter>base\hook</Filter>
    </ClInclude>
    <ClInclude Include="base\win\windows_category.h">
      <Filter>base\win</Filter>
    </ClInclude>
    <ClInclude Include="base\warcraft3\keyboard_code.h">
      <Filter>base\warcraft3</Filter>
    </ClInclude>
    <ClInclude Include="base\warcraft3\player.h">
      <Filter>base\warcraft3</Filter>
    </ClInclude>
    <ClInclude Include="base\warcraft3\message_dispatch.h">
      <Filter>base\warcraft3</Filter>
    </ClInclude>
    <ClInclude Include="base\hook\replace_import.h">
      <Filter>base\hook</Filter>
    </ClInclude>
    <ClInclude Include="base\hook\udis86\udis86_itab.h">
      <Filter>base\hook\udis86</Filter>
    </ClInclude>
    <ClInclude Include="base\hook\udis86\udis86_types.h">
      <Filter>base\hook\udis86</Filter>
    </ClInclude>
    <ClInclude Include="base\hook\udis86\udis86_udint.h">
      <Filter>base\hook\udis86</Filter>
    </ClInclude>
    <ClInclude Include="base\hook\udis86\udis86.h">
      <Filter>base\hook\udis86</Filter>
    </ClInclude>
    <ClInclude Include="base\hook\udis86\udis86_decode.h">
      <Filter>base\hook\udis86</Filter>
    </ClInclude>
    <ClInclude Include="base\filesystem.h">
      <Filter>base</Filter>
    </ClInclude>
    <ClInclude Include="base\util\string_algorithm.h">
      <Filter>base\util</Filter>
    </ClInclude>
    <ClInclude Include="base\util\list_of.h">
      <Filter>base\util</Filter>
    </ClInclude>
    <ClInclude Include="base\util\optional.h">
      <Filter>base\util</Filter>
    </ClInclude>
    <ClInclude Include="base\lua\luabind\converter_fs_path.h">
      <Filter>base\lua\luabind</Filter>
    </ClInclude>
  </ItemGroup>
  <ItemGroup>
    <ResourceCompile Include="version.rc">
      <Filter>Resource Files</Filter>
    </ResourceCompile>
  </ItemGroup>
  <ItemGroup>
    <None Include="base\util\detail\ansi_codecvt.inl">
      <Filter>base\util\detail</Filter>
    </None>
    <None Include="base\util\detail\codecvt.inl">
      <Filter>base\util\detail</Filter>
    </None>
    <None Include="base\util\detail\utf8_codecvt.inl">
      <Filter>base\util\detail</Filter>
    </None>
  </ItemGroup>
</Project>