<?xml version="1.0" encoding="utf-8"?>
<Project ToolsVersion="4.0" xmlns="http://schemas.microsoft.com/developer/msbuild/2003">
  <ItemGroup>
    <Filter Include="bind">
      <UniqueIdentifier>{611a9770-2902-4c6c-8c25-32f68f87f996}</UniqueIdentifier>
    </Filter>
    <Filter Include="Resource Files">
      <UniqueIdentifier>{6f78e772-33da-4e0e-bc51-84b6af6f46d7}</UniqueIdentifier>
    </Filter>
    <Filter Include="bind\lua">
      <UniqueIdentifier>{20cd4830-b3ea-486c-a046-88532184884d}</UniqueIdentifier>
    </Filter>
    <Filter Include="bind\misc">
      <UniqueIdentifier>{a7c4e92a-b015-446f-8994-c017c1d15c35}</UniqueIdentifier>
    </Filter>
    <Filter Include="bind\main">
      <UniqueIdentifier>{F5DAD6D0-9FF8-11E2-B745-232E312CC9AE}</UniqueIdentifier>
      <Extensions>h;hpp;hxx;hm;inl;inc;xsd</Extensions>
    </Filter>
  </ItemGroup>
  <ItemGroup>
    <ClCompile Include="DllMain.cpp" />
    <ClCompile Include="lua\callback.cpp">
      <Filter>bind\lua</Filter>
    </ClCompile>
    <ClCompile Include="lua\jassbind.cpp">
      <Filter>bind\lua</Filter>
    </ClCompile>
    <ClCompile Include="lua\helper.cpp">
      <Filter>bind\lua</Filter>
    </ClCompile>
    <ClCompile Include="misc\storm.cpp">
      <Filter>bind\misc</Filter>
    </ClCompile>
    <ClCompile Include="main\libs_jass.cpp">
      <Filter>bind\main</Filter>
    </ClCompile>
    <ClCompile Include="main\lua_loader.cpp">
      <Filter>bind\main</Filter>
    </ClCompile>
    <ClCompile Include="main\libs_jass_ext.cpp">
      <Filter>bind\main</Filter>
    </ClCompile>
    <ClCompile Include="main\libs_japi.cpp">
      <Filter>bind\main</Filter>
    </ClCompile>
    <ClCompile Include="main\open_lua_engine.cpp">
      <Filter>bind\main</Filter>
    </ClCompile>
    <ClCompile Include="lua\class_real.cpp">
      <Filter>bind\lua</Filter>
    </ClCompile>
    <ClCompile Include="main\jass_hook.cpp">
      <Filter>bind\main</Filter>
    </ClCompile>
    <ClCompile Include="main\libs_slk.cpp">
      <Filter>bind\main</Filter>
    </ClCompile>
    <ClCompile Include="main\fix_math.cpp">
      <Filter>bind\main</Filter>
    </ClCompile>
    <ClCompile Include="main\runtime.cpp">
      <Filter>bind\main</Filter>
    </ClCompile>
    <ClCompile Include="main\handle.cpp">
      <Filter>bind\main</Filter>
    </ClCompile>
  </ItemGroup>
  <ItemGroup>
    <ClInclude Include="lua\callback.h">
      <Filter>bind\lua</Filter>
    </ClInclude>
    <ClInclude Include="lua\jassbind.h">
      <Filter>bind\lua</Filter>
    </ClInclude>
    <ClInclude Include="lua\helper.h">
      <Filter>bind\lua</Filter>
    </ClInclude>
    <ClInclude Include="misc\storm.h">
      <Filter>bind\misc</Filter>
    </ClInclude>
    <ClInclude Include="main\lua_loader.h">
      <Filter>bind\main</Filter>
    </ClInclude>
    <ClInclude Include="main\open_lua_engine.h">
      <Filter>bind\main</Filter>
    </ClInclude>
    <ClInclude Include="lua\class_real.h">
      <Filter>bind\lua</Filter>
    </ClInclude>
    <ClInclude Include="misc\slk_interface_storm.h">
      <Filter>bind\misc</Filter>
    </ClInclude>
    <ClInclude Include="main\runtime.h">
      <Filter>bind\main</Filter>
    </ClInclude>
    <ClInclude Include="main\handle.h">
      <Filter>bind\main</Filter>
    </ClInclude>
  </ItemGroup>
  <ItemGroup>
    <None Include="yd_lua_engine.def">
      <Filter>Resource Files</Filter>
    </None>
  </ItemGroup>
  <ItemGroup>
    <ResourceCompile Include="version.rc">
      <Filter>Resource Files</Filter>
    </ResourceCompile>
  </ItemGroup>
</Project>