<?xml version="1.0" encoding="utf-8"?>
<Project ToolsVersion="4.0" xmlns="http://schemas.microsoft.com/developer/msbuild/2003">
  <ItemGroup>
    <Filter Include="Resource Files">
      <UniqueIdentifier>{38c49da3-b1a5-4e9f-a1c4-3468d0853336}</UniqueIdentifier>
      <Extensions>ico;cur;bmp;dlg;rc2;rct;bin;rgs;gif;jpg;jpeg;jpe</Extensions>
    </Filter>
    <Filter Include="ydwe">
      <UniqueIdentifier>{ad765d3c-3e90-42b8-af7f-a4d9fef394fb}</UniqueIdentifier>
    </Filter>
    <Filter Include="ydwe\util">
      <UniqueIdentifier>{8793b407-2f96-464c-bcdb-628edcf75f6c}</UniqueIdentifier>
    </Filter>
    <Filter Include="ydwe\util\detail">
      <UniqueIdentifier>{f9399aac-9f1d-4984-b60e-751840a5ff9f}</UniqueIdentifier>
    </Filter>
    <Filter Include="ydwe\path">
      <UniqueIdentifier>{f0deea76-7b22-453d-a30a-bdc29ab84d64}</UniqueIdentifier>
    </Filter>
    <Filter Include="ydwe\com">
      <UniqueIdentifier>{92913d83-b2e8-4e50-b06c-224ac9a8ab2c}</UniqueIdentifier>
    </Filter>
    <Filter Include="ydwe\win">
      <UniqueIdentifier>{4162a522-6930-4d3b-9523-b582bcde4910}</UniqueIdentifier>
    </Filter>
    <Filter Include="ydwe\hook">
      <UniqueIdentifier>{4a688dba-1372-4785-869c-7987956a639a}</UniqueIdentifier>
    </Filter>
    <Filter Include="ydwe\hook\detail">
      <UniqueIdentifier>{499e7c76-f9d3-4505-8359-c116b248a1bc}</UniqueIdentifier>
    </Filter>
    <Filter Include="ydwe\hook\assembler">
      <UniqueIdentifier>{f9143e63-84b2-464b-875e-a05d101a2f49}</UniqueIdentifier>
    </Filter>
    <Filter Include="ydwe\exception">
      <UniqueIdentifier>{8cfb2827-1c18-4e68-9be9-9a17e657b774}</UniqueIdentifier>
    </Filter>
    <Filter Include="ydwe\exception\detail">
      <UniqueIdentifier>{d4af3999-4995-4947-b2c4-fc1a2b79f862}</UniqueIdentifier>
    </Filter>
    <Filter Include="ydwe\file">
      <UniqueIdentifier>{98c0be1b-e82d-4a6a-8179-8d6e11315c17}</UniqueIdentifier>
    </Filter>
    <Filter Include="ydwe\warcraft3">
      <UniqueIdentifier>{7e4a1c7a-d9c5-407e-acf1-72627542f7a0}</UniqueIdentifier>
    </Filter>
    <Filter Include="ydwe\warcraft3\detail">
      <UniqueIdentifier>{3d97b047-ef84-446e-8db9-35c263ab3b2b}</UniqueIdentifier>
    </Filter>
    <Filter Include="ydwe\lua">
      <UniqueIdentifier>{b74a47f0-eb1f-4c6c-9b1c-210bcabbb9d0}</UniqueIdentifier>
    </Filter>
    <Filter Include="ydwe\lua\luabind">
      <UniqueIdentifier>{6535210c-7245-4b51-af4f-870f46a6359a}</UniqueIdentifier>
    </Filter>
    <Filter Include="ydwe\i18n">
      <UniqueIdentifier>{5337e579-9ee0-4e9b-807d-3339cda61c96}</UniqueIdentifier>
    </Filter>
    <Filter Include="ydwe\path\detail">
      <UniqueIdentifier>{4f489e17-c001-4918-84f9-45d751d1b9ac}</UniqueIdentifier>
    </Filter>
    <Filter Include="ydwe\warcraft3\jass">
      <UniqueIdentifier>{96a12d03-e58b-4f43-8c9b-5226c011e69f}</UniqueIdentifier>
    </Filter>
  </ItemGroup>
  <ItemGroup>
    <ClCompile Include="DllMain.cpp" />
    <ClCompile Include="ydwe\util\detail\ansi_codecvt_facet.cpp">
      <Filter>ydwe\util\detail</Filter>
    </ClCompile>
    <ClCompile Include="ydwe\util\detail\codecvt.cpp">
      <Filter>ydwe\util\detail</Filter>
    </ClCompile>
    <ClCompile Include="ydwe\util\unicode.cpp">
      <Filter>ydwe\util</Filter>
    </ClCompile>
    <ClCompile Include="ydwe\path\filesystem_helper.cpp">
      <Filter>ydwe\path</Filter>
    </ClCompile>
    <ClCompile Include="ydwe\path\service.cpp">
      <Filter>ydwe\path</Filter>
    </ClCompile>
    <ClCompile Include="ydwe\win\version.cpp">
      <Filter>ydwe\win</Filter>
    </ClCompile>
    <ClCompile Include="ydwe\hook\detail\replace_pointer.cpp">
      <Filter>ydwe\hook\detail</Filter>
    </ClCompile>
    <ClCompile Include="ydwe\hook\detail\memory_protect.cpp">
      <Filter>ydwe\hook\detail</Filter>
    </ClCompile>
    <ClCompile Include="ydwe\hook\detail\import_address_table.cpp">
      <Filter>ydwe\hook\detail</Filter>
    </ClCompile>
    <ClCompile Include="ydwe\hook\iat.cpp">
      <Filter>ydwe\hook</Filter>
    </ClCompile>
    <ClCompile Include="ydwe\hook\detail\export_address_table.cpp">
      <Filter>ydwe\hook\detail</Filter>
    </ClCompile>
    <ClCompile Include="ydwe\hook\eat.cpp">
      <Filter>ydwe\hook</Filter>
    </ClCompile>
    <ClCompile Include="ydwe\hook\iat_manager.cpp">
      <Filter>ydwe\hook</Filter>
    </ClCompile>
    <ClCompile Include="ydwe\win\file_version.cpp">
      <Filter>ydwe\win</Filter>
    </ClCompile>
    <ClCompile Include="ydwe\hook\inline.cpp">
      <Filter>ydwe\hook</Filter>
    </ClCompile>
    <ClCompile Include="ydwe\win\pe_reader.cpp">
      <Filter>ydwe\win</Filter>
    </ClCompile>
    <ClCompile Include="ydwe\hook\detail\inject_dll.cpp">
      <Filter>ydwe\hook\detail</Filter>
    </ClCompile>
    <ClCompile Include="ydwe\exception\windows_exception.cpp">
      <Filter>ydwe\exception</Filter>
    </ClCompile>
    <ClCompile Include="ydwe\file\file_handle.cpp">
      <Filter>ydwe\file</Filter>
    </ClCompile>
    <ClCompile Include="ydwe\file\file_mapping_handle.cpp">
      <Filter>ydwe\file</Filter>
    </ClCompile>
    <ClCompile Include="ydwe\file\memory_mapped_file.cpp">
      <Filter>ydwe\file</Filter>
    </ClCompile>
    <ClCompile Include="ydwe\warcraft3\detail\string_hash.cpp">
      <Filter>ydwe\warcraft3\detail</Filter>
    </ClCompile>
    <ClCompile Include="ydwe\hook\detail\disassembly.cpp">
      <Filter>ydwe\hook\detail</Filter>
    </ClCompile>
    <ClCompile Include="ydwe\warcraft3\detail\memory_search.cpp">
      <Filter>ydwe\warcraft3\detail</Filter>
    </ClCompile>
    <ClCompile Include="ydwe\warcraft3\war3_searcher.cpp">
      <Filter>ydwe\warcraft3</Filter>
    </ClCompile>
    <ClCompile Include="ydwe\warcraft3\basic_searcher.cpp">
      <Filter>ydwe\warcraft3</Filter>
    </ClCompile>
    <ClCompile Include="ydwe\win\env_variable.cpp">
      <Filter>ydwe\win</Filter>
    </ClCompile>
    <ClCompile Include="ydwe\warcraft3\hashtable.cpp">
      <Filter>ydwe\warcraft3</Filter>
    </ClCompile>
    <ClCompile Include="ydwe\util\console.cpp">
      <Filter>ydwe\util</Filter>
    </ClCompile>
    <ClCompile Include="ydwe\exception\seh_exception.cpp">
      <Filter>ydwe\exception</Filter>
    </ClCompile>
    <ClCompile Include="ydwe\warcraft3\native_function.cpp">
      <Filter>ydwe\warcraft3</Filter>
    </ClCompile>
    <ClCompile Include="ydwe\warcraft3\jass.cpp">
      <Filter>ydwe\warcraft3</Filter>
    </ClCompile>
    <ClCompile Include="ydwe\warcraft3\detail\convert_real.cpp">
      <Filter>ydwe\warcraft3\detail</Filter>
    </ClCompile>
    <ClCompile Include="ydwe\file\steam.cpp">
      <Filter>ydwe\file</Filter>
    </ClCompile>
    <ClCompile Include="ydwe\win\process.cpp">
      <Filter>ydwe\win</Filter>
    </ClCompile>
    <ClCompile Include="ydwe\util\is_utf8.cpp">
      <Filter>ydwe\util</Filter>
    </ClCompile>
    <ClCompile Include="ydwe\i18n\mofile.cpp">
      <Filter>ydwe\i18n</Filter>
    </ClCompile>
    <ClCompile Include="ydwe\i18n\libintl.cpp">
      <Filter>ydwe\i18n</Filter>
    </ClCompile>
    <ClCompile Include="ydwe\path\detail\get_path.cpp">
      <Filter>ydwe\path\detail</Filter>
    </ClCompile>
    <ClCompile Include="ydwe\warcraft3\jass\trampoline.cpp">
      <Filter>ydwe\warcraft3\jass</Filter>
    </ClCompile>
    <ClCompile Include="ydwe\exception\exception.cpp">
      <Filter>ydwe\exception</Filter>
    </ClCompile>
    <ClCompile Include="ydwe\util\detail\utf8_codecvt_facet.cpp">
      <Filter>ydwe\util\detail</Filter>
    </ClCompile>
    <ClCompile Include="ydwe\exception\detail\windows_category.cpp">
      <Filter>ydwe\exception\detail</Filter>
    </ClCompile>
    <ClCompile Include="ydwe\exception\detail\error_code.cpp">
      <Filter>ydwe\exception\detail</Filter>
    </ClCompile>
    <ClCompile Include="ydwe\warcraft3\jass\global_variable.cpp">
      <Filter>ydwe\warcraft3\jass</Filter>
    </ClCompile>
  </ItemGroup>
  <ItemGroup>
    <ClInclude Include="ydwe\util\detail\ansi_codecvt_facet.h">
      <Filter>ydwe\util\detail</Filter>
    </ClInclude>
    <ClInclude Include="ydwe\util\detail\codecvt.h">
      <Filter>ydwe\util\detail</Filter>
    </ClInclude>
    <ClInclude Include="ydwe\util\detail\utf8_codecvt_facet.h">
      <Filter>ydwe\util\detail</Filter>
    </ClInclude>
    <ClInclude Include="ydwe\util\unicode.h">
      <Filter>ydwe\util</Filter>
    </ClInclude>
    <ClInclude Include="ydwe\config.h">
      <Filter>ydwe</Filter>
    </ClInclude>
    <ClInclude Include="ydwe\path\filesystem_helper.h">
      <Filter>ydwe\path</Filter>
    </ClInclude>
    <ClInclude Include="ydwe\path\service.h">
      <Filter>ydwe\path</Filter>
    </ClInclude>
    <ClInclude Include="ydwe\com\unique_ptr.h">
      <Filter>ydwe\com</Filter>
    </ClInclude>
    <ClInclude Include="ydwe\com\guard.h">
      <Filter>ydwe\com</Filter>
    </ClInclude>
    <ClInclude Include="ydwe\win\version.h">
      <Filter>ydwe\win</Filter>
    </ClInclude>
    <ClInclude Include="ydwe\hook\detail\replace_pointer.h">
      <Filter>ydwe\hook\detail</Filter>
    </ClInclude>
    <ClInclude Include="ydwe\hook\detail\memory_protect.h">
      <Filter>ydwe\hook\detail</Filter>
    </ClInclude>
    <ClInclude Include="ydwe\hook\detail\import_address_table.h">
      <Filter>ydwe\hook\detail</Filter>
    </ClInclude>
    <ClInclude Include="ydwe\hook\iat.h">
      <Filter>ydwe\hook</Filter>
    </ClInclude>
    <ClInclude Include="ydwe\hook\detail\export_address_table.h">
      <Filter>ydwe\hook\detail</Filter>
    </ClInclude>
    <ClInclude Include="ydwe\hook\eat.h">
      <Filter>ydwe\hook</Filter>
    </ClInclude>
    <ClInclude Include="ydwe\util\foreach.h">
      <Filter>ydwe\util</Filter>
    </ClInclude>
    <ClInclude Include="ydwe\hook\iat_manager.h">
      <Filter>ydwe\hook</Filter>
    </ClInclude>
    <ClInclude Include="ydwe\win\file_version.h">
      <Filter>ydwe\win</Filter>
    </ClInclude>
    <ClInclude Include="ydwe\hook\inline.h">
      <Filter>ydwe\hook</Filter>
    </ClInclude>
    <ClInclude Include="ydwe\win\pe_reader.h">
      <Filter>ydwe\win</Filter>
    </ClInclude>
    <ClInclude Include="ydwe\hook\assembler\register.h">
      <Filter>ydwe\hook\assembler</Filter>
    </ClInclude>
    <ClInclude Include="ydwe\hook\assembler\writer.h">
      <Filter>ydwe\hook\assembler</Filter>
    </ClInclude>
    <ClInclude Include="ydwe\hook\detail\inject_dll.h">
      <Filter>ydwe\hook\detail</Filter>
    </ClInclude>
    <ClInclude Include="ydwe\exception\windows_exception.h">
      <Filter>ydwe\exception</Filter>
    </ClInclude>
    <ClInclude Include="ydwe\win\scoped_handle.h">
      <Filter>ydwe\win</Filter>
    </ClInclude>
    <ClInclude Include="ydwe\file\memory_mapped_file.h">
      <Filter>ydwe\file</Filter>
    </ClInclude>
    <ClInclude Include="ydwe\file\file_handle.h">
      <Filter>ydwe\file</Filter>
    </ClInclude>
    <ClInclude Include="ydwe\file\file_mapping_handle.h">
      <Filter>ydwe\file</Filter>
    </ClInclude>
    <ClInclude Include="ydwe\util\noncopyable.h">
      <Filter>ydwe\util</Filter>
    </ClInclude>
    <ClInclude Include="ydwe\warcraft3\detail\string_hash.h">
      <Filter>ydwe\warcraft3\detail</Filter>
    </ClInclude>
    <ClInclude Include="ydwe\hook\detail\disassembly.h">
      <Filter>ydwe\hook\detail</Filter>
    </ClInclude>
    <ClInclude Include="ydwe\warcraft3\detail\memory_search.h">
      <Filter>ydwe\warcraft3\detail</Filter>
    </ClInclude>
    <ClInclude Include="ydwe\warcraft3\war3_searcher.h">
      <Filter>ydwe\warcraft3</Filter>
    </ClInclude>
    <ClInclude Include="ydwe\warcraft3\basic_searcher.h">
      <Filter>ydwe\warcraft3</Filter>
    </ClInclude>
    <ClInclude Include="ydwe\util\singleton.h">
      <Filter>ydwe\util</Filter>
    </ClInclude>
    <ClInclude Include="ydwe\win\env_variable.h">
      <Filter>ydwe\win</Filter>
    </ClInclude>
    <ClInclude Include="ydwe\warcraft3\hashtable.h">
      <Filter>ydwe\warcraft3</Filter>
    </ClInclude>
    <ClInclude Include="ydwe\util\console.h">
      <Filter>ydwe\util</Filter>
    </ClInclude>
    <ClInclude Include="ydwe\exception\seh_exception.h">
      <Filter>ydwe\exception</Filter>
    </ClInclude>
    <ClInclude Include="ydwe\warcraft3\native_function.h">
      <Filter>ydwe\warcraft3</Filter>
    </ClInclude>
    <ClInclude Include="ydwe\warcraft3\version.h">
      <Filter>ydwe\warcraft3</Filter>
    </ClInclude>
    <ClInclude Include="ydwe\warcraft3\jass.h">
      <Filter>ydwe\warcraft3</Filter>
    </ClInclude>
    <ClInclude Include="ydwe\lua\state.h">
      <Filter>ydwe\lua</Filter>
    </ClInclude>
    <ClInclude Include="ydwe\file\steam.h">
      <Filter>ydwe\file</Filter>
    </ClInclude>
    <ClInclude Include="ydwe\win\process.h">
      <Filter>ydwe\win</Filter>
    </ClInclude>
    <ClInclude Include="ydwe\lua\luabind\converter_pvoid.h">
      <Filter>ydwe\lua\luabind</Filter>
    </ClInclude>
    <ClInclude Include="ydwe\lua\luabind\converter_std_wstring.h">
      <Filter>ydwe\lua\luabind</Filter>
    </ClInclude>
    <ClInclude Include="ydwe\lua\luabind.h">
      <Filter>ydwe\lua</Filter>
    </ClInclude>
    <ClInclude Include="ydwe\i18n\mofile.h">
      <Filter>ydwe\i18n</Filter>
    </ClInclude>
    <ClInclude Include="ydwe\i18n\libintl.h">
      <Filter>ydwe\i18n</Filter>
    </ClInclude>
    <ClInclude Include="ydwe\util\buffer.h">
      <Filter>ydwe\util</Filter>
    </ClInclude>
    <ClInclude Include="ydwe\path\self.h">
      <Filter>ydwe\path</Filter>
    </ClInclude>
    <ClInclude Include="ydwe\path\detail\get_path.h">
      <Filter>ydwe\path\detail</Filter>
    </ClInclude>
    <ClInclude Include="ydwe\warcraft3\jass\trampoline.h">
      <Filter>ydwe\warcraft3\jass</Filter>
    </ClInclude>
    <ClInclude Include="ydwe\warcraft3\jass\opcode.h">
      <Filter>ydwe\warcraft3\jass</Filter>
    </ClInclude>
    <ClInclude Include="ydwe\exception\exception.h">
      <Filter>ydwe\exception</Filter>
    </ClInclude>
    <ClInclude Include="ydwe\exception\detail\windows_category.h">
      <Filter>ydwe\exception\detail</Filter>
    </ClInclude>
    <ClInclude Include="ydwe\exception\detail\error_code.h">
      <Filter>ydwe\exception\detail</Filter>
    </ClInclude>
    <ClInclude Include="ydwe\warcraft3\jass\global_variable.h">
      <Filter>ydwe\warcraft3\jass</Filter>
    </ClInclude>
  </ItemGroup>
  <ItemGroup>
    <ResourceCompile Include="..\YDWEVersion\common.rc">
      <Filter>Resource Files</Filter>
    </ResourceCompile>
  </ItemGroup>
</Project>