
Microsoft Visual Studio Solution File, Format Version 12.00
# Visual Studio 2013
VisualStudioVersion = 12.0.31101.0
MinimumVisualStudioVersion = 10.0.40219.1
Project("{8BC9CEB8-8B4A-11D0-8D11-00A0C91BC942}") = "YDWE", "..\YDWE\YDWE.vcxproj", "{E25E1A38-134A-4727-A6A1-FF3A0A97A4C5}"
EndProject
Project("{8BC9CEB8-8B4A-11D0-8D11-00A0C91BC942}") = "YDWEStartup", "..\YDWEStartup\YDWEStartup.vcxproj", "{DF7D1CF5-CD15-4EDE-A580-D8DCE78EC508}"
EndProject
Project("{2150E333-8FDC-42A3-9474-1A3956D46DE8}") = "Plugin", "Plugin", "{6B1794EE-534E-4FFD-968A-349CF28D9F9E}"
EndProject
Project("{8BC9CEB8-8B4A-11D0-8D11-00A0C91BC942}") = "YDDllFixer", "..\..\Plugin\YDDllFixer\YDDllFixer.vcxproj", "{A67CA8A0-CDD8-11E1-B272-75B1B538141B}"
EndProject
Project("{8BC9CEB8-8B4A-11D0-8D11-00A0C91BC942}") = "YDWEConfig", "..\YDWEConfig\YDWEConfig.vcxproj", "{832BF367-532B-4BB2-98E0-2DA044B95104}"
	ProjectSection(ProjectDependencies) = postProject
		{E106ACD7-4E53-4AEE-942B-D0DD426DB34E} = {E106ACD7-4E53-4AEE-942B-D0DD426DB34E}
	EndProjectSection
EndProject
Project("{2150E333-8FDC-42A3-9474-1A3956D46DE8}") = "CommonLib", "CommonLib", "{918168E0-1677-4614-AEC7-B9CAD7DA3DEC}"
EndProject
Project("{8BC9CEB8-8B4A-11D0-8D11-00A0C91BC942}") = "DuiLib", "..\DuiLib\DuiLib.vcxproj", "{E106ACD7-4E53-4AEE-942B-D0DD426DB34E}"
EndProject
Project("{8BC9CEB8-8B4A-11D0-8D11-00A0C91BC942}") = "SlkLib", "..\SlkLib\SlkLib.vcxproj", "{4AFFE3A0-639D-11E2-A80E-AB2BAF291A2F}"
EndProject
Project("{8BC9CEB8-8B4A-11D0-8D11-00A0C91BC942}") = "ydbase", "..\ydbase\ydbase.vcxproj", "{75B04C07-94D9-41E7-BBFD-E67F79BFF41A}"
EndProject
Project("{2150E333-8FDC-42A3-9474-1A3956D46DE8}") = "Warcraft3", "Warcraft3", "{9E195292-7C13-4F56-A280-67C8A1B908DF}"
EndProject
Project("{8BC9CEB8-8B4A-11D0-8D11-00A0C91BC942}") = "yd_lua_engine", "..\..\Plugin\Warcraft3\yd_lua_engine\yd_lua_engine.vcxproj", "{F5E49600-9FF8-11E2-A774-C577CB60CA2A}"
EndProject
Project("{8BC9CEB8-8B4A-11D0-8D11-00A0C91BC942}") = "yd_loader", "..\..\Plugin\Warcraft3\yd_loader\yd_loader.vcxproj", "{8989AA40-7E17-11E2-AFF1-D54745EF2D0D}"
EndProject
Project("{8BC9CEB8-8B4A-11D0-8D11-00A0C91BC942}") = "yd_mutil_warcraft3", "..\..\Plugin\Warcraft3\yd_mutil_warcraft3\yd_mutil_warcraft3.vcxproj", "{7DC443D0-D2D9-11E2-B047-BD29AF8BB996}"
EndProject
Project("{8BC9CEB8-8B4A-11D0-8D11-00A0C91BC942}") = "yd_jass_api", "..\..\Plugin\Warcraft3\yd_jass_api\yd_jass_api.vcxproj", "{8F4C4050-C549-11E2-86F5-DF161591507F}"
EndProject
Project("{8BC9CEB8-8B4A-11D0-8D11-00A0C91BC942}") = "yd_leak_monitor", "..\..\Plugin\Warcraft3\yd_leak_monitor\yd_leak_monitor.vcxproj", "{FA29F6C0-D5D5-11E2-8925-B5F6669BD073}"
EndProject
Project("{8BC9CEB8-8B4A-11D0-8D11-00A0C91BC942}") = "LuaEngine", "..\LuaEngine\LuaEngine.vcxproj", "{42DEF9A2-D658-4984-AA00-073B9CC03552}"
EndProject
Project("{2150E333-8FDC-42A3-9474-1A3956D46DE8}") = "Lua", "Lua", "{ABD67588-6A9A-4ACF-8AF7-D941793740E1}"
EndProject
Project("{8BC9CEB8-8B4A-11D0-8D11-00A0C91BC942}") = "ar_storm", "..\..\Plugin\Lua\ar_storm\ar_storm.vcxproj", "{64293ED0-EBB6-11E2-BE94-71EDD3FE5125}"
EndProject
Project("{8BC9CEB8-8B4A-11D0-8D11-00A0C91BC942}") = "clr", "..\..\Plugin\Lua\clr\clr.vcxproj", "{9B311390-F190-11E2-ACA6-E3865C23FF03}"
EndProject
Project("{8BC9CEB8-8B4A-11D0-8D11-00A0C91BC942}") = "event", "..\..\Plugin\Lua\event\event.vcxproj", "{A27395C0-EE7C-11E2-BE25-8B837CC81B11}"
EndProject
Project("{8BC9CEB8-8B4A-11D0-8D11-00A0C91BC942}") = "filesystem", "..\..\Plugin\Lua\filesystem\filesystem.vcxproj", "{F8E85CC0-E86D-11E2-84FB-052CFB2E359B}"
EndProject
Project("{8BC9CEB8-8B4A-11D0-8D11-00A0C91BC942}") = "gui", "..\..\Plugin\Lua\gui\gui.vcxproj", "{6BFC6190-EC4C-11E2-AAEB-23A3FADDAAD1}"
EndProject
Project("{8BC9CEB8-8B4A-11D0-8D11-00A0C91BC942}") = "i18n", "..\..\Plugin\Lua\i18n\i18n.vcxproj", "{951DB260-EC50-11E2-8AED-81D5AC152826}"
EndProject
Project("{8BC9CEB8-8B4A-11D0-8D11-00A0C91BC942}") = "mapanalyzer", "..\..\Plugin\Lua\mapanalyzer\mapanalyzer.vcxproj", "{CB1B6640-E861-11E2-8C83-E3E40354BF5B}"
EndProject
Project("{8BC9CEB8-8B4A-11D0-8D11-00A0C91BC942}") = "sys", "..\..\Plugin\Lua\sys\sys.vcxproj", "{86FB6500-E904-11E2-BA39-7300F7695F52}"
EndProject
Project("{2150E333-8FDC-42A3-9474-1A3956D46DE8}") = "WE", "WE", "{0924AF18-907E-480A-AEA8-BF5F755D7A2E}"
EndProject
Project("{8BC9CEB8-8B4A-11D0-8D11-00A0C91BC942}") = "YDClient", "..\..\Plugin\WE\YDClient\YDClient.vcxproj", "{D07826A1-6C64-4A4D-AD8F-82CE0DA490E6}"
EndProject
Project("{8BC9CEB8-8B4A-11D0-8D11-00A0C91BC942}") = "YDFont", "..\..\Plugin\WE\YDFont\YDFont.vcxproj", "{4835917A-18D1-4014-98A6-900B3999F99D}"
EndProject
Project("{8BC9CEB8-8B4A-11D0-8D11-00A0C91BC942}") = "YDInternalIDShow", "..\..\Plugin\WE\YDInternalIDShow\YDInternalIDShow.vcxproj", "{7D82FC91-85DB-4A69-B6CC-C913A09354BE}"
EndProject
Project("{8BC9CEB8-8B4A-11D0-8D11-00A0C91BC942}") = "YDTaskbarSupport", "..\..\Plugin\WE\YDTaskbarSupport\YDTaskbarSupport.vcxproj", "{B7C5713A-81F3-4518-A036-0312773BD50B}"
EndProject
Project("{8BC9CEB8-8B4A-11D0-8D11-00A0C91BC942}") = "YDTrigger", "..\..\Plugin\WE\YDTrigger\YDTrigger.vcxproj", "{C7375FD0-FFEB-44EC-BC9F-BDDBFE9C922B}"
EndProject
Project("{8BC9CEB8-8B4A-11D0-8D11-00A0C91BC942}") = "YDWeHelper", "..\..\Plugin\WE\YDWeHelper\YDWeHelper.vcxproj", "{980A7A33-CC57-4E0E-8F2C-3285C8CAED84}"
EndProject
Project("{8BC9CEB8-8B4A-11D0-8D11-00A0C91BC942}") = "virtual_mpq", "..\..\Plugin\Lua\virtual_mpq\virtual_mpq.vcxproj", "{CAE66E60-5452-11E3-8896-D7E313E4CF14}"
EndProject
Project("{8BC9CEB8-8B4A-11D0-8D11-00A0C91BC942}") = "yd_jass_debug", "..\..\Plugin\Warcraft3\yd_jass_debug\yd_jass_debug.vcxproj", "{005B7100-9233-11E3-852A-976073CA1347}"
EndProject
Project("{8BC9CEB8-8B4A-11D0-8D11-00A0C91BC942}") = "yd_virtual_mpq", "..\..\Plugin\Warcraft3\yd_virtual_mpq\yd_virtual_mpq.vcxproj", "{5F71F300-A8E7-11E3-8071-AF5CA5B7C4D3}"
EndProject
Project("{8BC9CEB8-8B4A-11D0-8D11-00A0C91BC942}") = "registry", "..\..\Plugin\Lua\registry\registry.vcxproj", "{22A3C830-343E-4C2F-9200-62D099D1FCDC}"
EndProject
Project("{8BC9CEB8-8B4A-11D0-8D11-00A0C91BC942}") = "yd_size_limit", "..\..\Plugin\Warcraft3\yd_size_limit\yd_size_limit.vcxproj", "{4811DDBA-0B99-43BA-95C2-24B2A2D4CC07}"
EndProject
Project("{8BC9CEB8-8B4A-11D0-8D11-00A0C91BC942}") = "BlpConv", "..\BlpConv\BlpConv.vcxproj", "{5A6944D1-71B9-4B21-952A-E2E78C1EBF52}"
EndProject
Global
	GlobalSection(SolutionConfigurationPlatforms) = preSolution
		Debug|Win32 = Debug|Win32
		Release|Win32 = Release|Win32
	EndGlobalSection
	GlobalSection(ProjectConfigurationPlatforms) = postSolution
		{E25E1A38-134A-4727-A6A1-FF3A0A97A4C5}.Debug|Win32.ActiveCfg = Debug|Win32
		{E25E1A38-134A-4727-A6A1-FF3A0A97A4C5}.Debug|Win32.Build.0 = Debug|Win32
		{E25E1A38-134A-4727-A6A1-FF3A0A97A4C5}.Release|Win32.ActiveCfg = Release|Win32
		{E25E1A38-134A-4727-A6A1-FF3A0A97A4C5}.Release|Win32.Build.0 = Release|Win32
		{DF7D1CF5-CD15-4EDE-A580-D8DCE78EC508}.Debug|Win32.ActiveCfg = Debug|Win32
		{DF7D1CF5-CD15-4EDE-A580-D8DCE78EC508}.Debug|Win32.Build.0 = Debug|Win32
		{DF7D1CF5-CD15-4EDE-A580-D8DCE78EC508}.Release|Win32.ActiveCfg = Release|Win32
		{DF7D1CF5-CD15-4EDE-A580-D8DCE78EC508}.Release|Win32.Build.0 = Release|Win32
		{A67CA8A0-CDD8-11E1-B272-75B1B538141B}.Debug|Win32.ActiveCfg = Debug|Win32
		{A67CA8A0-CDD8-11E1-B272-75B1B538141B}.Debug|Win32.Build.0 = Debug|Win32
		{A67CA8A0-CDD8-11E1-B272-75B1B538141B}.Release|Win32.ActiveCfg = Release|Win32
		{A67CA8A0-CDD8-11E1-B272-75B1B538141B}.Release|Win32.Build.0 = Release|Win32
		{832BF367-532B-4BB2-98E0-2DA044B95104}.Debug|Win32.ActiveCfg = Debug|Win32
		{832BF367-532B-4BB2-98E0-2DA044B95104}.Debug|Win32.Build.0 = Debug|Win32
		{832BF367-532B-4BB2-98E0-2DA044B95104}.Release|Win32.ActiveCfg = Release|Win32
		{832BF367-532B-4BB2-98E0-2DA044B95104}.Release|Win32.Build.0 = Release|Win32
		{E106ACD7-4E53-4AEE-942B-D0DD426DB34E}.Debug|Win32.ActiveCfg = Debug|Win32
		{E106ACD7-4E53-4AEE-942B-D0DD426DB34E}.Debug|Win32.Build.0 = Debug|Win32
		{E106ACD7-4E53-4AEE-942B-D0DD426DB34E}.Release|Win32.ActiveCfg = Release|Win32
		{E106ACD7-4E53-4AEE-942B-D0DD426DB34E}.Release|Win32.Build.0 = Release|Win32
		{4AFFE3A0-639D-11E2-A80E-AB2BAF291A2F}.Debug|Win32.ActiveCfg = Debug|Win32
		{4AFFE3A0-639D-11E2-A80E-AB2BAF291A2F}.Debug|Win32.Build.0 = Debug|Win32
		{4AFFE3A0-639D-11E2-A80E-AB2BAF291A2F}.Release|Win32.ActiveCfg = Release|Win32
		{4AFFE3A0-639D-11E2-A80E-AB2BAF291A2F}.Release|Win32.Build.0 = Release|Win32
		{75B04C07-94D9-41E7-BBFD-E67F79BFF41A}.Debug|Win32.ActiveCfg = Debug|Win32
		{75B04C07-94D9-41E7-BBFD-E67F79BFF41A}.Debug|Win32.Build.0 = Debug|Win32
		{75B04C07-94D9-41E7-BBFD-E67F79BFF41A}.Release|Win32.ActiveCfg = Release|Win32
		{75B04C07-94D9-41E7-BBFD-E67F79BFF41A}.Release|Win32.Build.0 = Release|Win32
		{F5E49600-9FF8-11E2-A774-C577CB60CA2A}.Debug|Win32.ActiveCfg = Debug|Win32
		{F5E49600-9FF8-11E2-A774-C577CB60CA2A}.Debug|Win32.Build.0 = Debug|Win32
		{F5E49600-9FF8-11E2-A774-C577CB60CA2A}.Release|Win32.ActiveCfg = Release|Win32
		{F5E49600-9FF8-11E2-A774-C577CB60CA2A}.Release|Win32.Build.0 = Release|Win32
		{8989AA40-7E17-11E2-AFF1-D54745EF2D0D}.Debug|Win32.ActiveCfg = Debug|Win32
		{8989AA40-7E17-11E2-AFF1-D54745EF2D0D}.Debug|Win32.Build.0 = Debug|Win32
		{8989AA40-7E17-11E2-AFF1-D54745EF2D0D}.Release|Win32.ActiveCfg = Release|Win32
		{8989AA40-7E17-11E2-AFF1-D54745EF2D0D}.Release|Win32.Build.0 = Release|Win32
		{7DC443D0-D2D9-11E2-B047-BD29AF8BB996}.Debug|Win32.ActiveCfg = Debug|Win32
		{7DC443D0-D2D9-11E2-B047-BD29AF8BB996}.Debug|Win32.Build.0 = Debug|Win32
		{7DC443D0-D2D9-11E2-B047-BD29AF8BB996}.Release|Win32.ActiveCfg = Release|Win32
		{7DC443D0-D2D9-11E2-B047-BD29AF8BB996}.Release|Win32.Build.0 = Release|Win32
		{8F4C4050-C549-11E2-86F5-DF161591507F}.Debug|Win32.ActiveCfg = Debug|Win32
		{8F4C4050-C549-11E2-86F5-DF161591507F}.Debug|Win32.Build.0 = Debug|Win32
		{8F4C4050-C549-11E2-86F5-DF161591507F}.Release|Win32.ActiveCfg = Release|Win32
		{8F4C4050-C549-11E2-86F5-DF161591507F}.Release|Win32.Build.0 = Release|Win32
		{FA29F6C0-D5D5-11E2-8925-B5F6669BD073}.Debug|Win32.ActiveCfg = Debug|Win32
		{FA29F6C0-D5D5-11E2-8925-B5F6669BD073}.Debug|Win32.Build.0 = Debug|Win32
		{FA29F6C0-D5D5-11E2-8925-B5F6669BD073}.Release|Win32.ActiveCfg = Release|Win32
		{FA29F6C0-D5D5-11E2-8925-B5F6669BD073}.Release|Win32.Build.0 = Release|Win32
		{42DEF9A2-D658-4984-AA00-073B9CC03552}.Debug|Win32.ActiveCfg = Debug|Win32
		{42DEF9A2-D658-4984-AA00-073B9CC03552}.Debug|Win32.Build.0 = Debug|Win32
		{42DEF9A2-D658-4984-AA00-073B9CC03552}.Release|Win32.ActiveCfg = Release|Win32
		{42DEF9A2-D658-4984-AA00-073B9CC03552}.Release|Win32.Build.0 = Release|Win32
		{64293ED0-EBB6-11E2-BE94-71EDD3FE5125}.Debug|Win32.ActiveCfg = Debug|Win32
		{64293ED0-EBB6-11E2-BE94-71EDD3FE5125}.Debug|Win32.Build.0 = Debug|Win32
		{64293ED0-EBB6-11E2-BE94-71EDD3FE5125}.Release|Win32.ActiveCfg = Release|Win32
		{64293ED0-EBB6-11E2-BE94-71EDD3FE5125}.Release|Win32.Build.0 = Release|Win32
		{9B311390-F190-11E2-ACA6-E3865C23FF03}.Debug|Win32.ActiveCfg = Debug|Win32
		{9B311390-F190-11E2-ACA6-E3865C23FF03}.Debug|Win32.Build.0 = Debug|Win32
		{9B311390-F190-11E2-ACA6-E3865C23FF03}.Release|Win32.ActiveCfg = Release|Win32
		{9B311390-F190-11E2-ACA6-E3865C23FF03}.Release|Win32.Build.0 = Release|Win32
		{A27395C0-EE7C-11E2-BE25-8B837CC81B11}.Debug|Win32.ActiveCfg = Debug|Win32
		{A27395C0-EE7C-11E2-BE25-8B837CC81B11}.Debug|Win32.Build.0 = Debug|Win32
		{A27395C0-EE7C-11E2-BE25-8B837CC81B11}.Release|Win32.ActiveCfg = Release|Win32
		{A27395C0-EE7C-11E2-BE25-8B837CC81B11}.Release|Win32.Build.0 = Release|Win32
		{F8E85CC0-E86D-11E2-84FB-052CFB2E359B}.Debug|Win32.ActiveCfg = Debug|Win32
		{F8E85CC0-E86D-11E2-84FB-052CFB2E359B}.Debug|Win32.Build.0 = Debug|Win32
		{F8E85CC0-E86D-11E2-84FB-052CFB2E359B}.Release|Win32.ActiveCfg = Release|Win32
		{F8E85CC0-E86D-11E2-84FB-052CFB2E359B}.Release|Win32.Build.0 = Release|Win32
		{6BFC6190-EC4C-11E2-AAEB-23A3FADDAAD1}.Debug|Win32.ActiveCfg = Debug|Win32
		{6BFC6190-EC4C-11E2-AAEB-23A3FADDAAD1}.Debug|Win32.Build.0 = Debug|Win32
		{6BFC6190-EC4C-11E2-AAEB-23A3FADDAAD1}.Release|Win32.ActiveCfg = Release|Win32
		{6BFC6190-EC4C-11E2-AAEB-23A3FADDAAD1}.Release|Win32.Build.0 = Release|Win32
		{951DB260-EC50-11E2-8AED-81D5AC152826}.Debug|Win32.ActiveCfg = Debug|Win32
		{951DB260-EC50-11E2-8AED-81D5AC152826}.Debug|Win32.Build.0 = Debug|Win32
		{951DB260-EC50-11E2-8AED-81D5AC152826}.Release|Win32.ActiveCfg = Release|Win32
		{951DB260-EC50-11E2-8AED-81D5AC152826}.Release|Win32.Build.0 = Release|Win32
		{CB1B6640-E861-11E2-8C83-E3E40354BF5B}.Debug|Win32.ActiveCfg = Debug|Win32
		{CB1B6640-E861-11E2-8C83-E3E40354BF5B}.Debug|Win32.Build.0 = Debug|Win32
		{CB1B6640-E861-11E2-8C83-E3E40354BF5B}.Release|Win32.ActiveCfg = Release|Win32
		{CB1B6640-E861-11E2-8C83-E3E40354BF5B}.Release|Win32.Build.0 = Release|Win32
		{86FB6500-E904-11E2-BA39-7300F7695F52}.Debug|Win32.ActiveCfg = Debug|Win32
		{86FB6500-E904-11E2-BA39-7300F7695F52}.Debug|Win32.Build.0 = Debug|Win32
		{86FB6500-E904-11E2-BA39-7300F7695F52}.Release|Win32.ActiveCfg = Release|Win32
		{86FB6500-E904-11E2-BA39-7300F7695F52}.Release|Win32.Build.0 = Release|Win32
		{D07826A1-6C64-4A4D-AD8F-82CE0DA490E6}.Debug|Win32.ActiveCfg = Debug|Win32
		{D07826A1-6C64-4A4D-AD8F-82CE0DA490E6}.Debug|Win32.Build.0 = Debug|Win32
		{D07826A1-6C64-4A4D-AD8F-82CE0DA490E6}.Release|Win32.ActiveCfg = Release|Win32
		{D07826A1-6C64-4A4D-AD8F-82CE0DA490E6}.Release|Win32.Build.0 = Release|Win32
		{4835917A-18D1-4014-98A6-900B3999F99D}.Debug|Win32.ActiveCfg = Debug|Win32
		{4835917A-18D1-4014-98A6-900B3999F99D}.Debug|Win32.Build.0 = Debug|Win32
		{4835917A-18D1-4014-98A6-900B3999F99D}.Release|Win32.ActiveCfg = Release|Win32
		{4835917A-18D1-4014-98A6-900B3999F99D}.Release|Win32.Build.0 = Release|Win32
		{7D82FC91-85DB-4A69-B6CC-C913A09354BE}.Debug|Win32.ActiveCfg = Debug|Win32
		{7D82FC91-85DB-4A69-B6CC-C913A09354BE}.Debug|Win32.Build.0 = Debug|Win32
		{7D82FC91-85DB-4A69-B6CC-C913A09354BE}.Release|Win32.ActiveCfg = Release|Win32
		{7D82FC91-85DB-4A69-B6CC-C913A09354BE}.Release|Win32.Build.0 = Release|Win32
		{B7C5713A-81F3-4518-A036-0312773BD50B}.Debug|Win32.ActiveCfg = Debug|Win32
		{B7C5713A-81F3-4518-A036-0312773BD50B}.Debug|Win32.Build.0 = Debug|Win32
		{B7C5713A-81F3-4518-A036-0312773BD50B}.Release|Win32.ActiveCfg = Release|Win32
		{B7C5713A-81F3-4518-A036-0312773BD50B}.Release|Win32.Build.0 = Release|Win32
		{C7375FD0-FFEB-44EC-BC9F-BDDBFE9C922B}.Debug|Win32.ActiveCfg = Debug|Win32
		{C7375FD0-FFEB-44EC-BC9F-BDDBFE9C922B}.Debug|Win32.Build.0 = Debug|Win32
		{C7375FD0-FFEB-44EC-BC9F-BDDBFE9C922B}.Release|Win32.ActiveCfg = Release|Win32
		{C7375FD0-FFEB-44EC-BC9F-BDDBFE9C922B}.Release|Win32.Build.0 = Release|Win32
		{980A7A33-CC57-4E0E-8F2C-3285C8CAED84}.Debug|Win32.ActiveCfg = Debug|Win32
		{980A7A33-CC57-4E0E-8F2C-3285C8CAED84}.Debug|Win32.Build.0 = Debug|Win32
		{980A7A33-CC57-4E0E-8F2C-3285C8CAED84}.Release|Win32.ActiveCfg = Release|Win32
		{980A7A33-CC57-4E0E-8F2C-3285C8CAED84}.Release|Win32.Build.0 = Release|Win32
		{CAE66E60-5452-11E3-8896-D7E313E4CF14}.Debug|Win32.ActiveCfg = Debug|Win32
		{CAE66E60-5452-11E3-8896-D7E313E4CF14}.Debug|Win32.Build.0 = Debug|Win32
		{CAE66E60-5452-11E3-8896-D7E313E4CF14}.Release|Win32.ActiveCfg = Release|Win32
		{CAE66E60-5452-11E3-8896-D7E313E4CF14}.Release|Win32.Build.0 = Release|Win32
		{005B7100-9233-11E3-852A-976073CA1347}.Debug|Win32.ActiveCfg = Debug|Win32
		{005B7100-9233-11E3-852A-976073CA1347}.Debug|Win32.Build.0 = Debug|Win32
		{005B7100-9233-11E3-852A-976073CA1347}.Release|Win32.ActiveCfg = Release|Win32
		{005B7100-9233-11E3-852A-976073CA1347}.Release|Win32.Build.0 = Release|Win32
		{5F71F300-A8E7-11E3-8071-AF5CA5B7C4D3}.Debug|Win32.ActiveCfg = Debug|Win32
		{5F71F300-A8E7-11E3-8071-AF5CA5B7C4D3}.Debug|Win32.Build.0 = Debug|Win32
		{5F71F300-A8E7-11E3-8071-AF5CA5B7C4D3}.Release|Win32.ActiveCfg = Release|Win32
		{5F71F300-A8E7-11E3-8071-AF5CA5B7C4D3}.Release|Win32.Build.0 = Release|Win32
		{22A3C830-343E-4C2F-9200-62D099D1FCDC}.Debug|Win32.ActiveCfg = Debug|Win32
		{22A3C830-343E-4C2F-9200-62D099D1FCDC}.Debug|Win32.Build.0 = Debug|Win32
		{22A3C830-343E-4C2F-9200-62D099D1FCDC}.Release|Win32.ActiveCfg = Release|Win32
		{22A3C830-343E-4C2F-9200-62D099D1FCDC}.Release|Win32.Build.0 = Release|Win32
		{4811DDBA-0B99-43BA-95C2-24B2A2D4CC07}.Debug|Win32.ActiveCfg = Debug|Win32
		{4811DDBA-0B99-43BA-95C2-24B2A2D4CC07}.Debug|Win32.Build.0 = Debug|Win32
		{4811DDBA-0B99-43BA-95C2-24B2A2D4CC07}.Release|Win32.ActiveCfg = Release|Win32
		{4811DDBA-0B99-43BA-95C2-24B2A2D4CC07}.Release|Win32.Build.0 = Release|Win32
		{5A6944D1-71B9-4B21-952A-E2E78C1EBF52}.Debug|Win32.ActiveCfg = Debug|Win32
		{5A6944D1-71B9-4B21-952A-E2E78C1EBF52}.Debug|Win32.Build.0 = Debug|Win32
		{5A6944D1-71B9-4B21-952A-E2E78C1EBF52}.Release|Win32.ActiveCfg = Release|Win32
		{5A6944D1-71B9-4B21-952A-E2E78C1EBF52}.Release|Win32.Build.0 = Release|Win32
	EndGlobalSection
	GlobalSection(SolutionProperties) = preSolution
		HideSolutionNode = FALSE
	EndGlobalSection
	GlobalSection(NestedProjects) = preSolution
		{A67CA8A0-CDD8-11E1-B272-75B1B538141B} = {6B1794EE-534E-4FFD-968A-349CF28D9F9E}
		{E106ACD7-4E53-4AEE-942B-D0DD426DB34E} = {918168E0-1677-4614-AEC7-B9CAD7DA3DEC}
		{4AFFE3A0-639D-11E2-A80E-AB2BAF291A2F} = {918168E0-1677-4614-AEC7-B9CAD7DA3DEC}
		{9E195292-7C13-4F56-A280-67C8A1B908DF} = {6B1794EE-534E-4FFD-968A-349CF28D9F9E}
		{F5E49600-9FF8-11E2-A774-C577CB60CA2A} = {9E195292-7C13-4F56-A280-67C8A1B908DF}
		{8989AA40-7E17-11E2-AFF1-D54745EF2D0D} = {9E195292-7C13-4F56-A280-67C8A1B908DF}
		{7DC443D0-D2D9-11E2-B047-BD29AF8BB996} = {9E195292-7C13-4F56-A280-67C8A1B908DF}
		{8F4C4050-C549-11E2-86F5-DF161591507F} = {9E195292-7C13-4F56-A280-67C8A1B908DF}
		{FA29F6C0-D5D5-11E2-8925-B5F6669BD073} = {9E195292-7C13-4F56-A280-67C8A1B908DF}
		{ABD67588-6A9A-4ACF-8AF7-D941793740E1} = {6B1794EE-534E-4FFD-968A-349CF28D9F9E}
		{64293ED0-EBB6-11E2-BE94-71EDD3FE5125} = {ABD67588-6A9A-4ACF-8AF7-D941793740E1}
		{9B311390-F190-11E2-ACA6-E3865C23FF03} = {ABD67588-6A9A-4ACF-8AF7-D941793740E1}
		{A27395C0-EE7C-11E2-BE25-8B837CC81B11} = {ABD67588-6A9A-4ACF-8AF7-D941793740E1}
		{F8E85CC0-E86D-11E2-84FB-052CFB2E359B} = {ABD67588-6A9A-4ACF-8AF7-D941793740E1}
		{6BFC6190-EC4C-11E2-AAEB-23A3FADDAAD1} = {ABD67588-6A9A-4ACF-8AF7-D941793740E1}
		{951DB260-EC50-11E2-8AED-81D5AC152826} = {ABD67588-6A9A-4ACF-8AF7-D941793740E1}
		{CB1B6640-E861-11E2-8C83-E3E40354BF5B} = {ABD67588-6A9A-4ACF-8AF7-D941793740E1}
		{86FB6500-E904-11E2-BA39-7300F7695F52} = {ABD67588-6A9A-4ACF-8AF7-D941793740E1}
		{0924AF18-907E-480A-AEA8-BF5F755D7A2E} = {6B1794EE-534E-4FFD-968A-349CF28D9F9E}
		{D07826A1-6C64-4A4D-AD8F-82CE0DA490E6} = {0924AF18-907E-480A-AEA8-BF5F755D7A2E}
		{4835917A-18D1-4014-98A6-900B3999F99D} = {0924AF18-907E-480A-AEA8-BF5F755D7A2E}
		{7D82FC91-85DB-4A69-B6CC-C913A09354BE} = {0924AF18-907E-480A-AEA8-BF5F755D7A2E}
		{B7C5713A-81F3-4518-A036-0312773BD50B} = {0924AF18-907E-480A-AEA8-BF5F755D7A2E}
		{C7375FD0-FFEB-44EC-BC9F-BDDBFE9C922B} = {0924AF18-907E-480A-AEA8-BF5F755D7A2E}
		{980A7A33-CC57-4E0E-8F2C-3285C8CAED84} = {0924AF18-907E-480A-AEA8-BF5F755D7A2E}
		{CAE66E60-5452-11E3-8896-D7E313E4CF14} = {ABD67588-6A9A-4ACF-8AF7-D941793740E1}
		{005B7100-9233-11E3-852A-976073CA1347} = {9E195292-7C13-4F56-A280-67C8A1B908DF}
		{5F71F300-A8E7-11E3-8071-AF5CA5B7C4D3} = {9E195292-7C13-4F56-A280-67C8A1B908DF}
		{22A3C830-343E-4C2F-9200-62D099D1FCDC} = {ABD67588-6A9A-4ACF-8AF7-D941793740E1}
		{4811DDBA-0B99-43BA-95C2-24B2A2D4CC07} = {9E195292-7C13-4F56-A280-67C8A1B908DF}
		{5A6944D1-71B9-4B21-952A-E2E78C1EBF52} = {918168E0-1677-4614-AEC7-B9CAD7DA3DEC}
	EndGlobalSection
EndGlobal
