
Microsoft Visual Studio Solution File, Format Version 11.00
# Visual Studio 2010
Project("{FAE04EC0-301F-11D3-BF4B-00C04F79EFBC}") = "YDColorizer", "YDColorizer\YDColorizer.csproj", "{0A535CCE-2291-4701-B87F-011C28B73DA7}"
	ProjectSection(ProjectDependencies) = postProject
		{09887719-7928-45E8-A2AD-D97E2C379630} = {09887719-7928-45E8-A2AD-D97E2C379630}
	EndProjectSection
EndProject
Project("{FAE04EC0-301F-11D3-BF4B-00C04F79EFBC}") = "WinApi", "WinApi\WinApi.csproj", "{09887719-7928-45E8-A2AD-D97E2C379630}"
EndProject
Global
	GlobalSection(SolutionConfigurationPlatforms) = preSolution
		Debug|Any CPU = Debug|Any CPU
		Release|Any CPU = Release|Any CPU
	EndGlobalSection
	GlobalSection(ProjectConfigurationPlatforms) = postSolution
		{0A535CCE-2291-4701-B87F-011C28B73DA7}.Debug|Any CPU.ActiveCfg = Debug|Any CPU
		{0A535CCE-2291-4701-B87F-011C28B73DA7}.Debug|Any CPU.Build.0 = Debug|Any CPU
		{0A535CCE-2291-4701-B87F-011C28B73DA7}.Release|Any CPU.ActiveCfg = Release|Any CPU
		{0A535CCE-2291-4701-B87F-011C28B73DA7}.Release|Any CPU.Build.0 = Release|Any CPU
		{09887719-7928-45E8-A2AD-D97E2C379630}.Debug|Any CPU.ActiveCfg = Debug|Any CPU
		{09887719-7928-45E8-A2AD-D97E2C379630}.Debug|Any CPU.Build.0 = Debug|Any CPU
		{09887719-7928-45E8-A2AD-D97E2C379630}.Release|Any CPU.ActiveCfg = Release|Any CPU
		{09887719-7928-45E8-A2AD-D97E2C379630}.Release|Any CPU.Build.0 = Release|Any CPU
	EndGlobalSection
	GlobalSection(SolutionProperties) = preSolution
		HideSolutionNode = FALSE
	EndGlobalSection
EndGlobal
