
Microsoft Visual Studio Solution File, Format Version 11.00
# Visual Studio 2010
Project("{8BC9CEB8-8B4A-11D0-8D11-00A0C91BC942}") = "Detours", "Detours.vcxproj", "{198D08D6-92BA-46E3-B430-8351244FB61C}"
EndProject
Global
	GlobalSection(SolutionConfigurationPlatforms) = preSolution
		Debug|Win32 = Debug|Win32
		DebugRuntimeStatic|Win32 = DebugRuntimeStatic|Win32
		Release|Win32 = Release|Win32
		ReleaseRuntimeStatic|Win32 = ReleaseRuntimeStatic|Win32
	EndGlobalSection
	GlobalSection(ProjectConfigurationPlatforms) = postSolution
		{198D08D6-92BA-46E3-B430-8351244FB61C}.Debug|Win32.ActiveCfg = Debug|Win32
		{198D08D6-92BA-46E3-B430-8351244FB61C}.Debug|Win32.Build.0 = Debug|Win32
		{198D08D6-92BA-46E3-B430-8351244FB61C}.DebugRuntimeStatic|Win32.ActiveCfg = DebugRuntimeStatic|Win32
		{198D08D6-92BA-46E3-B430-8351244FB61C}.DebugRuntimeStatic|Win32.Build.0 = DebugRuntimeStatic|Win32
		{198D08D6-92BA-46E3-B430-8351244FB61C}.Release|Win32.ActiveCfg = Release|Win32
		{198D08D6-92BA-46E3-B430-8351244FB61C}.Release|Win32.Build.0 = Release|Win32
		{198D08D6-92BA-46E3-B430-8351244FB61C}.ReleaseRuntimeStatic|Win32.ActiveCfg = ReleaseRuntimeStatic|Win32
		{198D08D6-92BA-46E3-B430-8351244FB61C}.ReleaseRuntimeStatic|Win32.Build.0 = ReleaseRuntimeStatic|Win32
	EndGlobalSection
	GlobalSection(SolutionProperties) = preSolution
		HideSolutionNode = FALSE
	EndGlobalSection
EndGlobal
