<?xml version="1.0" encoding="utf-8"?>
<Project ToolsVersion="4.0" xmlns="http://schemas.microsoft.com/developer/msbuild/2003">
  <ItemGroup>
    <Filter Include="Source Files">
      <UniqueIdentifier>{896AEB80-7E17-11E2-AEDB-9310F9B25038}</UniqueIdentifier>
      <Extensions>cpp;c;cc;cxx;def;odl;idl;hpj;bat;asm;asmx</Extensions>
    </Filter>
    <Filter Include="Header Files">
      <UniqueIdentifier>{896B6600-7E17-11E2-B1D7-E92706A0DBC8}</UniqueIdentifier>
      <Extensions>h;hpp;hxx;hm;inl;inc;xsd</Extensions>
    </Filter>
    <Filter Include="Resource Files">
      <UniqueIdentifier>{230a0966-a58c-4627-bf02-b237c6d34061}</UniqueIdentifier>
    </Filter>
  </ItemGroup>
  <ItemGroup>
    <ClCompile Include="DllModule.cpp">
      <Filter>Source Files</Filter>
    </ClCompile>
    <ClCompile Include="LockingMouse.cpp">
      <Filter>Source Files</Filter>
    </ClCompile>
    <ClCompile Include="FullWindowedMode.cpp">
      <Filter>Source Files</Filter>
    </ClCompile>
    <ClCompile Include="DllMain.cpp" />
    <ClCompile Include="auto_enter.cpp">
      <Filter>Source Files</Filter>
    </ClCompile>
    <ClCompile Include="game_status.cpp">
      <Filter>Source Files</Filter>
    </ClCompile>
    <ClCompile Include="war3_scores.cpp">
      <Filter>Source Files</Filter>
    </ClCompile>
    <ClCompile Include="WideScreenSupport.cpp">
      <Filter>Source Files</Filter>
    </ClCompile>
  </ItemGroup>
  <ItemGroup>
    <ClInclude Include="DllModule.h">
      <Filter>Header Files</Filter>
    </ClInclude>
    <ClInclude Include="FullWindowedMode.h">
      <Filter>Header Files</Filter>
    </ClInclude>
    <ClInclude Include="war3_packet.h">
      <Filter>Header Files</Filter>
    </ClInclude>
    <ClInclude Include="auto_enter.h">
      <Filter>Header Files</Filter>
    </ClInclude>
    <ClInclude Include="game_status.h">
      <Filter>Header Files</Filter>
    </ClInclude>
  </ItemGroup>
  <ItemGroup>
    <None Include="yd_loader.def">
      <Filter>Resource Files</Filter>
    </None>
  </ItemGroup>
  <ItemGroup>
    <ResourceCompile Include="version.rc">
      <Filter>Resource Files</Filter>
    </ResourceCompile>
  </ItemGroup>
</Project>